// !$*UTF8*$!
{
	archiveVersion = 1;
	classes = {
	};
	objectVersion = 46;
	objects = {

/* Begin PBXBuildFile section */
		00C302E51ABCBA2D00DB3ED1 /* libRCTActionSheet.a in Frameworks */ = {isa = PBXBuildFile; fileRef = 00C302AC1ABCB8CE00DB3ED1 /* libRCTActionSheet.a */; };
		00C302E81ABCBA2D00DB3ED1 /* libRCTImage.a in Frameworks */ = {isa = PBXBuildFile; fileRef = 00C302C01ABCB91800DB3ED1 /* libRCTImage.a */; };
		00C302E91ABCBA2D00DB3ED1 /* libRCTNetwork.a in Frameworks */ = {isa = PBXBuildFile; fileRef = 00C302DC1ABCB9D200DB3ED1 /* libRCTNetwork.a */; };
		00C302EA1ABCBA2D00DB3ED1 /* libRCTVibration.a in Frameworks */ = {isa = PBXBuildFile; fileRef = 00C302E41ABCB9EE00DB3ED1 /* libRCTVibration.a */; };
		0341119056884434A08A7A9D /* libRNSensorsAnalyticsModule.a in Frameworks */ = {isa = PBXBuildFile; fileRef = C038E88B4FB04098821371FE /* libRNSensorsAnalyticsModule.a */; };
		071DDFA8258A424D8263FF4F /* MaterialIcons.ttf in Resources */ = {isa = PBXBuildFile; fileRef = E7A7FA2F14E04AA4A2087049 /* MaterialIcons.ttf */; };
		11D1A2F320CAFA9E000508D9 /* libRCTAnimation.a in Frameworks */ = {isa = PBXBuildFile; fileRef = 5E9157331DD0AC6500FF2AA8 /* libRCTAnimation.a */; };
		133E29F31AD74F7200F7D852 /* libRCTLinking.a in Frameworks */ = {isa = PBXBuildFile; fileRef = 78C398B91ACF4ADC00677621 /* libRCTLinking.a */; };
		139105C61AF99C1200B5F7CC /* libRCTSettings.a in Frameworks */ = {isa = PBXBuildFile; fileRef = 139105C11AF99BAD00B5F7CC /* libRCTSettings.a */; };
		139FDEF61B0652A700C62182 /* libRCTWebSocket.a in Frameworks */ = {isa = PBXBuildFile; fileRef = 139FDEF41B06529B00C62182 /* libRCTWebSocket.a */; };
		13B07FBC1A68108700A75B9A /* AppDelegate.m in Sources */ = {isa = PBXBuildFile; fileRef = 13B07FB01A68108700A75B9A /* AppDelegate.m */; };
		13B07FBD1A68108700A75B9A /* LaunchScreen.xib in Resources */ = {isa = PBXBuildFile; fileRef = 13B07FB11A68108700A75B9A /* LaunchScreen.xib */; };
		13B07FBF1A68108700A75B9A /* Images.xcassets in Resources */ = {isa = PBXBuildFile; fileRef = 13B07FB51A68108700A75B9A /* Images.xcassets */; };
		13B07FC11A68108700A75B9A /* main.m in Sources */ = {isa = PBXBuildFile; fileRef = 13B07FB71A68108700A75B9A /* main.m */; };
		146834051AC3E58100842450 /* libReact.a in Frameworks */ = {isa = PBXBuildFile; fileRef = 146834041AC3E56700842450 /* libReact.a */; };
		258235BB86E74F199865F0B1 /* Octicons.ttf in Resources */ = {isa = PBXBuildFile; fileRef = 495123FF5EC34DEBB2C2A5D6 /* Octicons.ttf */; };
		2A00EAE4CCDB445B8A1B38DC /* FontAwesome5_Solid.ttf in Resources */ = {isa = PBXBuildFile; fileRef = 57B1ED29FDE449EEBA9F0F1D /* FontAwesome5_Solid.ttf */; };
		44E9A6DB4A8D473E9F340D44 /* libRNCWebView.a in Frameworks */ = {isa = PBXBuildFile; fileRef = 0E87E27ACB32493B9E5EC07F /* libRNCWebView.a */; };
		46116DC1AB1D422188654473 /* Feather.ttf in Resources */ = {isa = PBXBuildFile; fileRef = ED08A55FC57B43008866BFEB /* Feather.ttf */; };
		4EC51276072E4CFAA4438B65 /* libRNScreens.a in Frameworks */ = {isa = PBXBuildFile; fileRef = 61D8C057DC7C4E519C00DE99 /* libRNScreens.a */; };
		52D588C4B62F418FAE028078 /* SimpleLineIcons.ttf in Resources */ = {isa = PBXBuildFile; fileRef = D837CA94C76C473B9B7DB041 /* SimpleLineIcons.ttf */; };
		592AD52DC138488B94134043 /* libRNGestureHandler.a in Frameworks */ = {isa = PBXBuildFile; fileRef = 60D8A2E3084F4B5986C5850D /* libRNGestureHandler.a */; };
		5C206608575344B9A9DF98E6 /* Foundation.ttf in Resources */ = {isa = PBXBuildFile; fileRef = 3BF427370B6A473A9D21D4E4 /* Foundation.ttf */; };
		625B0C88509E427CA0E88A3A /* libRNFS.a in Frameworks */ = {isa = PBXBuildFile; fileRef = FA276A18E5634AB09DACE2AE /* libRNFS.a */; };
		64F7B4AF226EDDC300C98C40 /* libRCTCameraRoll.a in Frameworks */ = {isa = PBXBuildFile; fileRef = 64F7B4AE226EDD4B00C98C40 /* libRCTCameraRoll.a */; };
		6C888E5198DF43BBA19166BC /* FontAwesome5_Regular.ttf in Resources */ = {isa = PBXBuildFile; fileRef = 529D23C8B15040E791D022FF /* FontAwesome5_Regular.ttf */; };
		754F1AF10A774092B2F8FC9A /* AntDesign.ttf in Resources */ = {isa = PBXBuildFile; fileRef = 4818504FCBD44E0BA1AAE766 /* AntDesign.ttf */; };
		832341BD1AAA6AB300B99B32 /* libRCTText.a in Frameworks */ = {isa = PBXBuildFile; fileRef = 832341B51AAA6A8300B99B32 /* libRCTText.a */; };
		8357166439E74626883A8EC2 /* libRNReanimated.a in Frameworks */ = {isa = PBXBuildFile; fileRef = 2E39CB7360A34E1F8B6FC569 /* libRNReanimated.a */; };
		8C6BB2E55F0D4A269BB9BC21 /* Zocial.ttf in Resources */ = {isa = PBXBuildFile; fileRef = 950A94BBB14B447A8367056E /* Zocial.ttf */; };
		915E109E721D4B7F835A7DC5 /* MaterialCommunityIcons.ttf in Resources */ = {isa = PBXBuildFile; fileRef = 5B24B44543F54ADF8B3493DF /* MaterialCommunityIcons.ttf */; };
		9EE3AB8A6DC544A68FF9FEAF /* Ionicons.ttf in Resources */ = {isa = PBXBuildFile; fileRef = 8D740B86151F4D9CB9AE6F39 /* Ionicons.ttf */; };
		9F2727A7245842F100324EB2 /* libRNCSafeAreaContext.a in Frameworks */ = {isa = PBXBuildFile; fileRef = 9F2726312458349E00324EB2 /* libRNCSafeAreaContext.a */; };
		9FA41E802457C7A4002FB9F4 /* JavaScriptCore.framework in Frameworks */ = {isa = PBXBuildFile; fileRef = ED297162215061F000B7C4FE /* JavaScriptCore.framework */; };
		ADBDB9381DFEBF1600ED6528 /* libRCTBlob.a in Frameworks */ = {isa = PBXBuildFile; fileRef = ADBDB9271DFEBF0700ED6528 /* libRCTBlob.a */; };
		B17C0E840F4C4E4D9669D31F /* libRNCGeolocation.a in Frameworks */ = {isa = PBXBuildFile; fileRef = 1FBB4B9B8E30491C871A12F7 /* libRNCGeolocation.a */; };
		BCB090B469B34A1C99A7D6CF /* Fontisto.ttf in Resources */ = {isa = PBXBuildFile; fileRef = F25D35FB735C45689799A32A /* Fontisto.ttf */; };
		D75FF7AA8AF046B581DC6BA7 /* FontAwesome5_Brands.ttf in Resources */ = {isa = PBXBuildFile; fileRef = 0AA5FCCA635149A380D8A3C1 /* FontAwesome5_Brands.ttf */; };
		DCD290E536D74612A5FA8B7B /* FontAwesome.ttf in Resources */ = {isa = PBXBuildFile; fileRef = AA4B58B4D9CC418183B0E54B /* FontAwesome.ttf */; };
		E34E01BF9F4A40A9867F4973 /* Entypo.ttf in Resources */ = {isa = PBXBuildFile; fileRef = 5588DEE398CD4C89B1A541F2 /* Entypo.ttf */; };
		E84A657A8BF7444B895FBC2E /* EvilIcons.ttf in Resources */ = {isa = PBXBuildFile; fileRef = D666F7714204470FA91CD1B1 /* EvilIcons.ttf */; };
		F951BD5FBA4B4EF19D83ABF6 /* libRNVectorIcons.a in Frameworks */ = {isa = PBXBuildFile; fileRef = 3BB2550A0E244FC4BFCE8D81 /* libRNVectorIcons.a */; };
		FC17159F2697F50C000CBC3A /* project.jsbundle in Resources */ = {isa = PBXBuildFile; fileRef = FC1715662697F50C000CBC3A /* project.jsbundle */; };
		FC1715A22697F816000CBC3A /* RNCommonViewController.m in Sources */ = {isa = PBXBuildFile; fileRef = FC1715A12697F816000CBC3A /* RNCommonViewController.m */; };
		FC1715A52697F97F000CBC3A /* RNRootViewController.m in Sources */ = {isa = PBXBuildFile; fileRef = FC1715A42697F97F000CBC3A /* RNRootViewController.m */; };
		FC1715A726983E0D000CBC3A /* reactNativeDemo.jsbundle in Resources */ = {isa = PBXBuildFile; fileRef = FC1715A626983E0D000CBC3A /* reactNativeDemo.jsbundle */; };
		FC1CBECA26661CBA000BAB71 /* SensorsAnalyticsSDK.framework in Frameworks */ = {isa = PBXBuildFile; fileRef = FC1CBEC526661CA8000BAB71 /* SensorsAnalyticsSDK.framework */; };
		FC1CBECB26661CBA000BAB71 /* SensorsAnalyticsSDK.framework in Embed Frameworks */ = {isa = PBXBuildFile; fileRef = FC1CBEC526661CA8000BAB71 /* SensorsAnalyticsSDK.framework */; settings = {ATTRIBUTES = (CodeSignOnCopy, RemoveHeadersOnCopy, ); }; };
		FC209DCF25CBD577001D9FEA /* hello.js in Resources */ = {isa = PBXBuildFile; fileRef = FC209D9625CBD577001D9FEA /* hello.js */; };
		FC59DCA124A35C14007A0F36 /* newH5.html in Resources */ = {isa = PBXBuildFile; fileRef = FC59DCA024A35C14007A0F36 /* newH5.html */; };
/* End PBXBuildFile section */

/* Begin PBXContainerItemProxy section */
		00C302AB1ABCB8CE00DB3ED1 /* PBXContainerItemProxy */ = {
			isa = PBXContainerItemProxy;
			containerPortal = 00C302A71ABCB8CE00DB3ED1 /* RCTActionSheet.xcodeproj */;
			proxyType = 2;
			remoteGlobalIDString = 134814201AA4EA6300B7C361;
			remoteInfo = RCTActionSheet;
		};
		00C302BF1ABCB91800DB3ED1 /* PBXContainerItemProxy */ = {
			isa = PBXContainerItemProxy;
			containerPortal = 00C302BB1ABCB91800DB3ED1 /* RCTImage.xcodeproj */;
			proxyType = 2;
			remoteGlobalIDString = 58B5115D1A9E6B3D00147676;
			remoteInfo = RCTImage;
		};
		00C302DB1ABCB9D200DB3ED1 /* PBXContainerItemProxy */ = {
			isa = PBXContainerItemProxy;
			containerPortal = 00C302D31ABCB9D200DB3ED1 /* RCTNetwork.xcodeproj */;
			proxyType = 2;
			remoteGlobalIDString = 58B511DB1A9E6C8500147676;
			remoteInfo = RCTNetwork;
		};
		00C302E31ABCB9EE00DB3ED1 /* PBXContainerItemProxy */ = {
			isa = PBXContainerItemProxy;
			containerPortal = 00C302DF1ABCB9EE00DB3ED1 /* RCTVibration.xcodeproj */;
			proxyType = 2;
			remoteGlobalIDString = 832C81801AAF6DEF007FA2F7;
			remoteInfo = RCTVibration;
		};
		139105C01AF99BAD00B5F7CC /* PBXContainerItemProxy */ = {
			isa = PBXContainerItemProxy;
			containerPortal = 139105B61AF99BAD00B5F7CC /* RCTSettings.xcodeproj */;
			proxyType = 2;
			remoteGlobalIDString = 134814201AA4EA6300B7C361;
			remoteInfo = RCTSettings;
		};
		139FDEF31B06529B00C62182 /* PBXContainerItemProxy */ = {
			isa = PBXContainerItemProxy;
			containerPortal = 139FDEE61B06529A00C62182 /* RCTWebSocket.xcodeproj */;
			proxyType = 2;
			remoteGlobalIDString = 3C86DF461ADF2C930047B81A;
			remoteInfo = RCTWebSocket;
		};
		146834031AC3E56700842450 /* PBXContainerItemProxy */ = {
			isa = PBXContainerItemProxy;
			containerPortal = 146833FF1AC3E56700842450 /* React.xcodeproj */;
			proxyType = 2;
			remoteGlobalIDString = 83CBBA2E1A601D0E00E9B192;
			remoteInfo = React;
		};
		2D16E6711FA4F8DC00B85C8A /* PBXContainerItemProxy */ = {
			isa = PBXContainerItemProxy;
			containerPortal = ADBDB91F1DFEBF0600ED6528 /* RCTBlob.xcodeproj */;
			proxyType = 2;
			remoteGlobalIDString = ADD01A681E09402E00F6D226;
			remoteInfo = "RCTBlob-tvOS";
		};
		2DF0FFDE2056DD460020B375 /* PBXContainerItemProxy */ = {
			isa = PBXContainerItemProxy;
			containerPortal = 146833FF1AC3E56700842450 /* React.xcodeproj */;
			proxyType = 2;
			remoteGlobalIDString = EBF21BDC1FC498900052F4D5;
			remoteInfo = jsinspector;
		};
		2DF0FFE02056DD460020B375 /* PBXContainerItemProxy */ = {
			isa = PBXContainerItemProxy;
			containerPortal = 146833FF1AC3E56700842450 /* React.xcodeproj */;
			proxyType = 2;
			remoteGlobalIDString = EBF21BFA1FC4989A0052F4D5;
			remoteInfo = "jsinspector-tvOS";
		};
		2DF0FFE22056DD460020B375 /* PBXContainerItemProxy */ = {
			isa = PBXContainerItemProxy;
			containerPortal = 146833FF1AC3E56700842450 /* React.xcodeproj */;
			proxyType = 2;
			remoteGlobalIDString = 139D7ECE1E25DB7D00323FB7;
			remoteInfo = "third-party";
		};
		2DF0FFE42056DD460020B375 /* PBXContainerItemProxy */ = {
			isa = PBXContainerItemProxy;
			containerPortal = 146833FF1AC3E56700842450 /* React.xcodeproj */;
			proxyType = 2;
			remoteGlobalIDString = 3D383D3C1EBD27B6005632C8;
			remoteInfo = "third-party-tvOS";
		};
		2DF0FFE62056DD460020B375 /* PBXContainerItemProxy */ = {
			isa = PBXContainerItemProxy;
			containerPortal = 146833FF1AC3E56700842450 /* React.xcodeproj */;
			proxyType = 2;
			remoteGlobalIDString = 139D7E881E25C6D100323FB7;
			remoteInfo = "double-conversion";
		};
		2DF0FFE82056DD460020B375 /* PBXContainerItemProxy */ = {
			isa = PBXContainerItemProxy;
			containerPortal = 146833FF1AC3E56700842450 /* React.xcodeproj */;
			proxyType = 2;
			remoteGlobalIDString = 3D383D621EBD27B9005632C8;
			remoteInfo = "double-conversion-tvOS";
		};
		3DAD3E831DF850E9000B6D8A /* PBXContainerItemProxy */ = {
			isa = PBXContainerItemProxy;
			containerPortal = 00C302BB1ABCB91800DB3ED1 /* RCTImage.xcodeproj */;
			proxyType = 2;
			remoteGlobalIDString = 2D2A283A1D9B042B00D4039D;
			remoteInfo = "RCTImage-tvOS";
		};
		3DAD3E871DF850E9000B6D8A /* PBXContainerItemProxy */ = {
			isa = PBXContainerItemProxy;
			containerPortal = 78C398B01ACF4ADC00677621 /* RCTLinking.xcodeproj */;
			proxyType = 2;
			remoteGlobalIDString = 2D2A28471D9B043800D4039D;
			remoteInfo = "RCTLinking-tvOS";
		};
		3DAD3E8B1DF850E9000B6D8A /* PBXContainerItemProxy */ = {
			isa = PBXContainerItemProxy;
			containerPortal = 00C302D31ABCB9D200DB3ED1 /* RCTNetwork.xcodeproj */;
			proxyType = 2;
			remoteGlobalIDString = 2D2A28541D9B044C00D4039D;
			remoteInfo = "RCTNetwork-tvOS";
		};
		3DAD3E8F1DF850E9000B6D8A /* PBXContainerItemProxy */ = {
			isa = PBXContainerItemProxy;
			containerPortal = 139105B61AF99BAD00B5F7CC /* RCTSettings.xcodeproj */;
			proxyType = 2;
			remoteGlobalIDString = 2D2A28611D9B046600D4039D;
			remoteInfo = "RCTSettings-tvOS";
		};
		3DAD3E931DF850E9000B6D8A /* PBXContainerItemProxy */ = {
			isa = PBXContainerItemProxy;
			containerPortal = 832341B01AAA6A8300B99B32 /* RCTText.xcodeproj */;
			proxyType = 2;
			remoteGlobalIDString = 2D2A287B1D9B048500D4039D;
			remoteInfo = "RCTText-tvOS";
		};
		3DAD3E981DF850E9000B6D8A /* PBXContainerItemProxy */ = {
			isa = PBXContainerItemProxy;
			containerPortal = 139FDEE61B06529A00C62182 /* RCTWebSocket.xcodeproj */;
			proxyType = 2;
			remoteGlobalIDString = 2D2A28881D9B049200D4039D;
			remoteInfo = "RCTWebSocket-tvOS";
		};
		3DAD3EA21DF850E9000B6D8A /* PBXContainerItemProxy */ = {
			isa = PBXContainerItemProxy;
			containerPortal = 146833FF1AC3E56700842450 /* React.xcodeproj */;
			proxyType = 2;
			remoteGlobalIDString = 2D2A28131D9B038B00D4039D;
			remoteInfo = "React-tvOS";
		};
		3DAD3EA41DF850E9000B6D8A /* PBXContainerItemProxy */ = {
			isa = PBXContainerItemProxy;
			containerPortal = 146833FF1AC3E56700842450 /* React.xcodeproj */;
			proxyType = 2;
			remoteGlobalIDString = 3D3C059A1DE3340900C268FA;
			remoteInfo = yoga;
		};
		3DAD3EA61DF850E9000B6D8A /* PBXContainerItemProxy */ = {
			isa = PBXContainerItemProxy;
			containerPortal = 146833FF1AC3E56700842450 /* React.xcodeproj */;
			proxyType = 2;
			remoteGlobalIDString = 3D3C06751DE3340C00C268FA;
			remoteInfo = "yoga-tvOS";
		};
		3DAD3EA81DF850E9000B6D8A /* PBXContainerItemProxy */ = {
			isa = PBXContainerItemProxy;
			containerPortal = 146833FF1AC3E56700842450 /* React.xcodeproj */;
			proxyType = 2;
			remoteGlobalIDString = 3D3CD9251DE5FBEC00167DC4;
			remoteInfo = cxxreact;
		};
		3DAD3EAA1DF850E9000B6D8A /* PBXContainerItemProxy */ = {
			isa = PBXContainerItemProxy;
			containerPortal = 146833FF1AC3E56700842450 /* React.xcodeproj */;
			proxyType = 2;
			remoteGlobalIDString = 3D3CD9321DE5FBEE00167DC4;
			remoteInfo = "cxxreact-tvOS";
		};
		5E9157321DD0AC6500FF2AA8 /* PBXContainerItemProxy */ = {
			isa = PBXContainerItemProxy;
			containerPortal = 5E91572D1DD0AC6500FF2AA8 /* RCTAnimation.xcodeproj */;
			proxyType = 2;
			remoteGlobalIDString = 134814201AA4EA6300B7C361;
			remoteInfo = RCTAnimation;
		};
		5E9157341DD0AC6500FF2AA8 /* PBXContainerItemProxy */ = {
			isa = PBXContainerItemProxy;
			containerPortal = 5E91572D1DD0AC6500FF2AA8 /* RCTAnimation.xcodeproj */;
			proxyType = 2;
			remoteGlobalIDString = 2D2A28201D9B03D100D4039D;
			remoteInfo = "RCTAnimation-tvOS";
		};
		64F7B484226EDCAD00C98C40 /* PBXContainerItemProxy */ = {
			isa = PBXContainerItemProxy;
			containerPortal = 146833FF1AC3E56700842450 /* React.xcodeproj */;
			proxyType = 2;
			remoteGlobalIDString = EDEBC6D6214B3E7000DD5AC8;
			remoteInfo = jsi;
		};
		64F7B486226EDCAD00C98C40 /* PBXContainerItemProxy */ = {
			isa = PBXContainerItemProxy;
			containerPortal = 146833FF1AC3E56700842450 /* React.xcodeproj */;
			proxyType = 2;
			remoteGlobalIDString = EDEBC73B214B45A300DD5AC8;
			remoteInfo = jsiexecutor;
		};
		64F7B488226EDCAD00C98C40 /* PBXContainerItemProxy */ = {
			isa = PBXContainerItemProxy;
			containerPortal = 146833FF1AC3E56700842450 /* React.xcodeproj */;
			proxyType = 2;
			remoteGlobalIDString = ED296FB6214C9A0900B7C4FE;
			remoteInfo = "jsi-tvOS";
		};
		64F7B48A226EDCAD00C98C40 /* PBXContainerItemProxy */ = {
			isa = PBXContainerItemProxy;
			containerPortal = 146833FF1AC3E56700842450 /* React.xcodeproj */;
			proxyType = 2;
			remoteGlobalIDString = ED296FEE214C9CF800B7C4FE;
			remoteInfo = "jsiexecutor-tvOS";
		};
		64F7B495226EDCB000C98C40 /* PBXContainerItemProxy */ = {
			isa = PBXContainerItemProxy;
			containerPortal = 152245BDB6C24BF6A8E9A13F /* RNCWebView.xcodeproj */;
			proxyType = 2;
			remoteGlobalIDString = 134814201AA4EA6300B7C361;
			remoteInfo = RNCWebView;
		};
		64F7B499226EDCB000C98C40 /* PBXContainerItemProxy */ = {
			isa = PBXContainerItemProxy;
			containerPortal = 627C8FFC487D46B5BA00DEA2 /* RNFS.xcodeproj */;
			proxyType = 2;
			remoteGlobalIDString = F12AFB9B1ADAF8F800E0535D;
			remoteInfo = RNFS;
		};
		64F7B49B226EDCB000C98C40 /* PBXContainerItemProxy */ = {
			isa = PBXContainerItemProxy;
			containerPortal = 627C8FFC487D46B5BA00DEA2 /* RNFS.xcodeproj */;
			proxyType = 2;
			remoteGlobalIDString = 6456441F1EB8DA9100672408;
			remoteInfo = "RNFS-tvOS";
		};
		64F7B49F226EDCB000C98C40 /* PBXContainerItemProxy */ = {
			isa = PBXContainerItemProxy;
			containerPortal = 0D6471AB360443C0A1D5F7E4 /* RNGestureHandler.xcodeproj */;
			proxyType = 2;
			remoteGlobalIDString = 134814201AA4EA6300B7C361;
			remoteInfo = RNGestureHandler;
		};
		64F7B4A1226EDCB000C98C40 /* PBXContainerItemProxy */ = {
			isa = PBXContainerItemProxy;
			containerPortal = 0D6471AB360443C0A1D5F7E4 /* RNGestureHandler.xcodeproj */;
			proxyType = 2;
			remoteGlobalIDString = B5C32A36220C603B000FFB8D;
			remoteInfo = "RNGestureHandler-tvOS";
		};
		64F7B4A5226EDCB000C98C40 /* PBXContainerItemProxy */ = {
			isa = PBXContainerItemProxy;
			containerPortal = 13845DDD75DA433FB2E19B34 /* RNVectorIcons.xcodeproj */;
			proxyType = 2;
			remoteGlobalIDString = 5DBEB1501B18CEA900B34395;
			remoteInfo = RNVectorIcons;
		};
		64F7B4A7226EDCB000C98C40 /* PBXContainerItemProxy */ = {
			isa = PBXContainerItemProxy;
			containerPortal = 13845DDD75DA433FB2E19B34 /* RNVectorIcons.xcodeproj */;
			proxyType = 2;
			remoteGlobalIDString = A39873CE1EA65EE60051E01A;
			remoteInfo = "RNVectorIcons-tvOS";
		};
		64F7B4AD226EDD4B00C98C40 /* PBXContainerItemProxy */ = {
			isa = PBXContainerItemProxy;
			containerPortal = 64F7B4A9226EDD4B00C98C40 /* RCTCameraRoll.xcodeproj */;
			proxyType = 2;
			remoteGlobalIDString = 58B5115D1A9E6B3D00147676;
			remoteInfo = RCTCameraRoll;
		};
		78C398B81ACF4ADC00677621 /* PBXContainerItemProxy */ = {
			isa = PBXContainerItemProxy;
			containerPortal = 78C398B01ACF4ADC00677621 /* RCTLinking.xcodeproj */;
			proxyType = 2;
			remoteGlobalIDString = 134814201AA4EA6300B7C361;
			remoteInfo = RCTLinking;
		};
		832341B41AAA6A8300B99B32 /* PBXContainerItemProxy */ = {
			isa = PBXContainerItemProxy;
			containerPortal = 832341B01AAA6A8300B99B32 /* RCTText.xcodeproj */;
			proxyType = 2;
			remoteGlobalIDString = 58B5119B1A9E6C1200147676;
			remoteInfo = RCTText;
		};
		9F2725A42457C98200324EB2 /* PBXContainerItemProxy */ = {
			isa = PBXContainerItemProxy;
			containerPortal = 9F2725A02457C98200324EB2 /* RNCGeolocation.xcodeproj */;
			proxyType = 2;
			remoteGlobalIDString = 134814201AA4EA6300B7C361;
			remoteInfo = RNCGeolocation;
		};
		9F2726222458333100324EB2 /* PBXContainerItemProxy */ = {
			isa = PBXContainerItemProxy;
			containerPortal = 5CB412E882BF4E059195ED40 /* RNReanimated.xcodeproj */;
			proxyType = 2;
			remoteGlobalIDString = 134814201AA4EA6300B7C361;
			remoteInfo = RNReanimated;
		};
		9F2726242458333100324EB2 /* PBXContainerItemProxy */ = {
			isa = PBXContainerItemProxy;
			containerPortal = 5CB412E882BF4E059195ED40 /* RNReanimated.xcodeproj */;
			proxyType = 2;
			remoteGlobalIDString = FDBB176E229BF04900D1E455;
			remoteInfo = "RNReanimated-tvOS";
		};
		9F27262A2458341F00324EB2 /* PBXContainerItemProxy */ = {
			isa = PBXContainerItemProxy;
			containerPortal = 9F2726262458341F00324EB2 /* RNCMaskedView.xcodeproj */;
			proxyType = 2;
			remoteGlobalIDString = 134814201AA4EA6300B7C361;
			remoteInfo = RNCMaskedView;
		};
		9F2726302458349E00324EB2 /* PBXContainerItemProxy */ = {
			isa = PBXContainerItemProxy;
			containerPortal = 9F27262C2458349E00324EB2 /* SafeAreaView.xcodeproj */;
			proxyType = 2;
			remoteGlobalIDString = 134814201AA4EA6300B7C361;
			remoteInfo = RNCSafeAreaContext;
		};
		9F27279C24583DAA00324EB2 /* PBXContainerItemProxy */ = {
			isa = PBXContainerItemProxy;
			containerPortal = CD33A4711E6D448CAA6FBBC1 /* RNScreens.xcodeproj */;
			proxyType = 2;
			remoteGlobalIDString = 134814201AA4EA6300B7C361;
			remoteInfo = RNScreens;
		};
		9F27279E24583DAA00324EB2 /* PBXContainerItemProxy */ = {
			isa = PBXContainerItemProxy;
			containerPortal = CD33A4711E6D448CAA6FBBC1 /* RNScreens.xcodeproj */;
			proxyType = 2;
			remoteGlobalIDString = B5C32A4F220C6379000FFB8D;
			remoteInfo = "RNScreens-tvOS";
		};
		9FA41EC22457C901002FB9F4 /* PBXContainerItemProxy */ = {
			isa = PBXContainerItemProxy;
			containerPortal = FE0B1E51EDE74423A76531A4 /* RNCGeolocation.xcodeproj */;
			proxyType = 2;
			remoteGlobalIDString = 134814201AA4EA6300B7C361;
			remoteInfo = RNCGeolocation;
		};
		ADBDB9261DFEBF0700ED6528 /* PBXContainerItemProxy */ = {
			isa = PBXContainerItemProxy;
			containerPortal = ADBDB91F1DFEBF0600ED6528 /* RCTBlob.xcodeproj */;
			proxyType = 2;
			remoteGlobalIDString = 358F4ED71D1E81A9004DF814;
			remoteInfo = RCTBlob;
		};
		FC0B0D1F24C58AC200EBBF6D /* PBXContainerItemProxy */ = {
			isa = PBXContainerItemProxy;
			containerPortal = 139FDEE61B06529A00C62182 /* RCTWebSocket.xcodeproj */;
			proxyType = 2;
			remoteGlobalIDString = 3DBE0D001F3B181A0099AA32;
			remoteInfo = fishhook;
		};
		FC0B0D2124C58AC200EBBF6D /* PBXContainerItemProxy */ = {
			isa = PBXContainerItemProxy;
			containerPortal = 139FDEE61B06529A00C62182 /* RCTWebSocket.xcodeproj */;
			proxyType = 2;
			remoteGlobalIDString = 3DBE0D0D1F3B181C0099AA32;
			remoteInfo = "fishhook-tvOS";
		};
		FC1CBEC426661CA8000BAB71 /* PBXContainerItemProxy */ = {
			isa = PBXContainerItemProxy;
			containerPortal = FC1CBEBE26661CA8000BAB71 /* SensorsAnalyticsSDK.xcodeproj */;
			proxyType = 2;
			remoteGlobalIDString = CB30BD5422840CA40004061D;
			remoteInfo = SensorsAnalyticsSDK;
		};
		FC1CBEC626661CA8000BAB71 /* PBXContainerItemProxy */ = {
			isa = PBXContainerItemProxy;
			containerPortal = FC1CBEBE26661CA8000BAB71 /* SensorsAnalyticsSDK.xcodeproj */;
			proxyType = 2;
			remoteGlobalIDString = CB30C30F22843D3A0004061D;
			remoteInfo = SensorsAnalyticsExtension;
		};
		FC1CBEC826661CA8000BAB71 /* PBXContainerItemProxy */ = {
			isa = PBXContainerItemProxy;
			containerPortal = FC1CBEBE26661CA8000BAB71 /* SensorsAnalyticsSDK.xcodeproj */;
			proxyType = 2;
			remoteGlobalIDString = CB6EBAE3228551EC003CFBA8;
			remoteInfo = SensorsAnalyticsTests;
		};
		FC30A3FA25E7B33D0064C82D /* PBXContainerItemProxy */ = {
			isa = PBXContainerItemProxy;
			containerPortal = FC30A3F625E7B33D0064C82D /* RNSensorsAnalyticsModule.xcodeproj */;
			proxyType = 2;
			remoteGlobalIDString = A18E9FA621A6AB4300A66E41;
			remoteInfo = RNSensorsAnalyticsModule;
		};
/* End PBXContainerItemProxy section */

/* Begin PBXCopyFilesBuildPhase section */
		FC05ED76248A41CC004810B6 /* Embed Frameworks */ = {
			isa = PBXCopyFilesBuildPhase;
			buildActionMask = 2147483647;
			dstPath = "";
			dstSubfolderSpec = 10;
			files = (
				FC1CBECB26661CBA000BAB71 /* SensorsAnalyticsSDK.framework in Embed Frameworks */,
			);
			name = "Embed Frameworks";
			runOnlyForDeploymentPostprocessing = 0;
		};
/* End PBXCopyFilesBuildPhase section */

/* Begin PBXFileReference section */
		00C302A71ABCB8CE00DB3ED1 /* RCTActionSheet.xcodeproj */ = {isa = PBXFileReference; lastKnownFileType = "wrapper.pb-project"; name = RCTActionSheet.xcodeproj; path = "../node_modules/react-native/Libraries/ActionSheetIOS/RCTActionSheet.xcodeproj"; sourceTree = "<group>"; };
		00C302BB1ABCB91800DB3ED1 /* RCTImage.xcodeproj */ = {isa = PBXFileReference; lastKnownFileType = "wrapper.pb-project"; name = RCTImage.xcodeproj; path = "../node_modules/react-native/Libraries/Image/RCTImage.xcodeproj"; sourceTree = "<group>"; };
		00C302D31ABCB9D200DB3ED1 /* RCTNetwork.xcodeproj */ = {isa = PBXFileReference; lastKnownFileType = "wrapper.pb-project"; name = RCTNetwork.xcodeproj; path = "../node_modules/react-native/Libraries/Network/RCTNetwork.xcodeproj"; sourceTree = "<group>"; };
		00C302DF1ABCB9EE00DB3ED1 /* RCTVibration.xcodeproj */ = {isa = PBXFileReference; lastKnownFileType = "wrapper.pb-project"; name = RCTVibration.xcodeproj; path = "../node_modules/react-native/Libraries/Vibration/RCTVibration.xcodeproj"; sourceTree = "<group>"; };
		00E356F11AD99517003FC87E /* Info.plist */ = {isa = PBXFileReference; lastKnownFileType = text.plist.xml; path = Info.plist; sourceTree = "<group>"; };
		00E356F21AD99517003FC87E /* reactNativeDemoTests.m */ = {isa = PBXFileReference; lastKnownFileType = sourcecode.c.objc; path = reactNativeDemoTests.m; sourceTree = "<group>"; };
		0AA5FCCA635149A380D8A3C1 /* FontAwesome5_Brands.ttf */ = {isa = PBXFileReference; explicitFileType = undefined; fileEncoding = 9; includeInIndex = 0; lastKnownFileType = unknown; name = FontAwesome5_Brands.ttf; path = "../node_modules/react-native-vector-icons/Fonts/FontAwesome5_Brands.ttf"; sourceTree = "<group>"; };
		0D6471AB360443C0A1D5F7E4 /* RNGestureHandler.xcodeproj */ = {isa = PBXFileReference; explicitFileType = undefined; fileEncoding = 9; includeInIndex = 0; lastKnownFileType = "wrapper.pb-project"; name = RNGestureHandler.xcodeproj; path = "../node_modules/react-native-gesture-handler/ios/RNGestureHandler.xcodeproj"; sourceTree = "<group>"; };
		0E87E27ACB32493B9E5EC07F /* libRNCWebView.a */ = {isa = PBXFileReference; explicitFileType = undefined; fileEncoding = 9; includeInIndex = 0; lastKnownFileType = archive.ar; path = libRNCWebView.a; sourceTree = "<group>"; };
		13845DDD75DA433FB2E19B34 /* RNVectorIcons.xcodeproj */ = {isa = PBXFileReference; explicitFileType = undefined; fileEncoding = 9; includeInIndex = 0; lastKnownFileType = "wrapper.pb-project"; name = RNVectorIcons.xcodeproj; path = "../node_modules/react-native-vector-icons/RNVectorIcons.xcodeproj"; sourceTree = "<group>"; };
		139105B61AF99BAD00B5F7CC /* RCTSettings.xcodeproj */ = {isa = PBXFileReference; lastKnownFileType = "wrapper.pb-project"; name = RCTSettings.xcodeproj; path = "../node_modules/react-native/Libraries/Settings/RCTSettings.xcodeproj"; sourceTree = "<group>"; };
		139FDEE61B06529A00C62182 /* RCTWebSocket.xcodeproj */ = {isa = PBXFileReference; lastKnownFileType = "wrapper.pb-project"; name = RCTWebSocket.xcodeproj; path = "../node_modules/react-native/Libraries/WebSocket/RCTWebSocket.xcodeproj"; sourceTree = "<group>"; };
		13B07F961A680F5B00A75B9A /* reactNativeDemo.app */ = {isa = PBXFileReference; explicitFileType = wrapper.application; includeInIndex = 0; path = reactNativeDemo.app; sourceTree = BUILT_PRODUCTS_DIR; };
		13B07FAF1A68108700A75B9A /* AppDelegate.h */ = {isa = PBXFileReference; fileEncoding = 4; lastKnownFileType = sourcecode.c.h; name = AppDelegate.h; path = reactNativeDemo/AppDelegate.h; sourceTree = "<group>"; };
		13B07FB01A68108700A75B9A /* AppDelegate.m */ = {isa = PBXFileReference; fileEncoding = 4; lastKnownFileType = sourcecode.c.objc; name = AppDelegate.m; path = reactNativeDemo/AppDelegate.m; sourceTree = "<group>"; };
		13B07FB21A68108700A75B9A /* Base */ = {isa = PBXFileReference; lastKnownFileType = file.xib; name = Base; path = Base.lproj/LaunchScreen.xib; sourceTree = "<group>"; };
		13B07FB51A68108700A75B9A /* Images.xcassets */ = {isa = PBXFileReference; lastKnownFileType = folder.assetcatalog; name = Images.xcassets; path = reactNativeDemo/Images.xcassets; sourceTree = "<group>"; };
		13B07FB61A68108700A75B9A /* Info.plist */ = {isa = PBXFileReference; fileEncoding = 4; lastKnownFileType = text.plist.xml; name = Info.plist; path = reactNativeDemo/Info.plist; sourceTree = "<group>"; };
		13B07FB71A68108700A75B9A /* main.m */ = {isa = PBXFileReference; fileEncoding = 4; lastKnownFileType = sourcecode.c.objc; name = main.m; path = reactNativeDemo/main.m; sourceTree = "<group>"; };
		146833FF1AC3E56700842450 /* React.xcodeproj */ = {isa = PBXFileReference; lastKnownFileType = "wrapper.pb-project"; name = React.xcodeproj; path = "../node_modules/react-native/React/React.xcodeproj"; sourceTree = "<group>"; };
		152245BDB6C24BF6A8E9A13F /* RNCWebView.xcodeproj */ = {isa = PBXFileReference; explicitFileType = undefined; fileEncoding = 9; includeInIndex = 0; lastKnownFileType = "wrapper.pb-project"; name = RNCWebView.xcodeproj; path = "../node_modules/react-native-webview/ios/RNCWebView.xcodeproj"; sourceTree = "<group>"; };
		1FBB4B9B8E30491C871A12F7 /* libRNCGeolocation.a */ = {isa = PBXFileReference; explicitFileType = undefined; fileEncoding = 9; includeInIndex = 0; lastKnownFileType = archive.ar; path = libRNCGeolocation.a; sourceTree = "<group>"; };
		2D16E6891FA4F8E400B85C8A /* libReact.a */ = {isa = PBXFileReference; explicitFileType = archive.ar; path = libReact.a; sourceTree = BUILT_PRODUCTS_DIR; };
		2E39CB7360A34E1F8B6FC569 /* libRNReanimated.a */ = {isa = PBXFileReference; explicitFileType = undefined; fileEncoding = 9; includeInIndex = 0; lastKnownFileType = archive.ar; path = libRNReanimated.a; sourceTree = "<group>"; };
		3BB2550A0E244FC4BFCE8D81 /* libRNVectorIcons.a */ = {isa = PBXFileReference; explicitFileType = undefined; fileEncoding = 9; includeInIndex = 0; lastKnownFileType = archive.ar; path = libRNVectorIcons.a; sourceTree = "<group>"; };
		3BF427370B6A473A9D21D4E4 /* Foundation.ttf */ = {isa = PBXFileReference; explicitFileType = undefined; fileEncoding = 9; includeInIndex = 0; lastKnownFileType = unknown; name = Foundation.ttf; path = "../node_modules/react-native-vector-icons/Fonts/Foundation.ttf"; sourceTree = "<group>"; };
		3FA10C354F6644D68FAB3653 /* libRNVectorIcons-tvOS.a */ = {isa = PBXFileReference; explicitFileType = undefined; fileEncoding = 9; includeInIndex = 0; lastKnownFileType = archive.ar; path = "libRNVectorIcons-tvOS.a"; sourceTree = "<group>"; };
		4818504FCBD44E0BA1AAE766 /* AntDesign.ttf */ = {isa = PBXFileReference; explicitFileType = undefined; fileEncoding = 9; includeInIndex = 0; lastKnownFileType = unknown; name = AntDesign.ttf; path = "../node_modules/react-native-vector-icons/Fonts/AntDesign.ttf"; sourceTree = "<group>"; };
		495123FF5EC34DEBB2C2A5D6 /* Octicons.ttf */ = {isa = PBXFileReference; explicitFileType = undefined; fileEncoding = 9; includeInIndex = 0; lastKnownFileType = unknown; name = Octicons.ttf; path = "../node_modules/react-native-vector-icons/Fonts/Octicons.ttf"; sourceTree = "<group>"; };
		51398EFB377049A49F40CAE4 /* libRNGestureHandler-tvOS.a */ = {isa = PBXFileReference; explicitFileType = undefined; fileEncoding = 9; includeInIndex = 0; lastKnownFileType = archive.ar; path = "libRNGestureHandler-tvOS.a"; sourceTree = "<group>"; };
		529D23C8B15040E791D022FF /* FontAwesome5_Regular.ttf */ = {isa = PBXFileReference; explicitFileType = undefined; fileEncoding = 9; includeInIndex = 0; lastKnownFileType = unknown; name = FontAwesome5_Regular.ttf; path = "../node_modules/react-native-vector-icons/Fonts/FontAwesome5_Regular.ttf"; sourceTree = "<group>"; };
		5588DEE398CD4C89B1A541F2 /* Entypo.ttf */ = {isa = PBXFileReference; explicitFileType = undefined; fileEncoding = 9; includeInIndex = 0; lastKnownFileType = unknown; name = Entypo.ttf; path = "../node_modules/react-native-vector-icons/Fonts/Entypo.ttf"; sourceTree = "<group>"; };
		57B1ED29FDE449EEBA9F0F1D /* FontAwesome5_Solid.ttf */ = {isa = PBXFileReference; explicitFileType = undefined; fileEncoding = 9; includeInIndex = 0; lastKnownFileType = unknown; name = FontAwesome5_Solid.ttf; path = "../node_modules/react-native-vector-icons/Fonts/FontAwesome5_Solid.ttf"; sourceTree = "<group>"; };
		5B24B44543F54ADF8B3493DF /* MaterialCommunityIcons.ttf */ = {isa = PBXFileReference; explicitFileType = undefined; fileEncoding = 9; includeInIndex = 0; lastKnownFileType = unknown; name = MaterialCommunityIcons.ttf; path = "../node_modules/react-native-vector-icons/Fonts/MaterialCommunityIcons.ttf"; sourceTree = "<group>"; };
		5CB412E882BF4E059195ED40 /* RNReanimated.xcodeproj */ = {isa = PBXFileReference; explicitFileType = undefined; fileEncoding = 9; includeInIndex = 0; lastKnownFileType = "wrapper.pb-project"; name = RNReanimated.xcodeproj; path = "../node_modules/react-native-reanimated/ios/RNReanimated.xcodeproj"; sourceTree = "<group>"; };
		5E91572D1DD0AC6500FF2AA8 /* RCTAnimation.xcodeproj */ = {isa = PBXFileReference; lastKnownFileType = "wrapper.pb-project"; name = RCTAnimation.xcodeproj; path = "../node_modules/react-native/Libraries/NativeAnimation/RCTAnimation.xcodeproj"; sourceTree = "<group>"; };
		6006E4E3F85B486985BECD2B /* libRNScreens-tvOS.a */ = {isa = PBXFileReference; explicitFileType = undefined; fileEncoding = 9; includeInIndex = 0; lastKnownFileType = archive.ar; path = "libRNScreens-tvOS.a"; sourceTree = "<group>"; };
		60D8A2E3084F4B5986C5850D /* libRNGestureHandler.a */ = {isa = PBXFileReference; explicitFileType = undefined; fileEncoding = 9; includeInIndex = 0; lastKnownFileType = archive.ar; path = libRNGestureHandler.a; sourceTree = "<group>"; };
		61D8C057DC7C4E519C00DE99 /* libRNScreens.a */ = {isa = PBXFileReference; explicitFileType = undefined; fileEncoding = 9; includeInIndex = 0; lastKnownFileType = archive.ar; path = libRNScreens.a; sourceTree = "<group>"; };
		627C8FFC487D46B5BA00DEA2 /* RNFS.xcodeproj */ = {isa = PBXFileReference; explicitFileType = undefined; fileEncoding = 9; includeInIndex = 0; lastKnownFileType = "wrapper.pb-project"; name = RNFS.xcodeproj; path = "../node_modules/react-native-fs/RNFS.xcodeproj"; sourceTree = "<group>"; };
		64F7B4A9226EDD4B00C98C40 /* RCTCameraRoll.xcodeproj */ = {isa = PBXFileReference; lastKnownFileType = "wrapper.pb-project"; name = RCTCameraRoll.xcodeproj; path = "../node_modules/react-native/Libraries/CameraRoll/RCTCameraRoll.xcodeproj"; sourceTree = "<group>"; };
		78C398B01ACF4ADC00677621 /* RCTLinking.xcodeproj */ = {isa = PBXFileReference; lastKnownFileType = "wrapper.pb-project"; name = RCTLinking.xcodeproj; path = "../node_modules/react-native/Libraries/LinkingIOS/RCTLinking.xcodeproj"; sourceTree = "<group>"; };
		7B861A6A573E48C28BC42E8C /* libRNReanimated-tvOS.a */ = {isa = PBXFileReference; explicitFileType = undefined; fileEncoding = 9; includeInIndex = 0; lastKnownFileType = archive.ar; path = "libRNReanimated-tvOS.a"; sourceTree = "<group>"; };
		832341B01AAA6A8300B99B32 /* RCTText.xcodeproj */ = {isa = PBXFileReference; lastKnownFileType = "wrapper.pb-project"; name = RCTText.xcodeproj; path = "../node_modules/react-native/Libraries/Text/RCTText.xcodeproj"; sourceTree = "<group>"; };
		8D740B86151F4D9CB9AE6F39 /* Ionicons.ttf */ = {isa = PBXFileReference; explicitFileType = undefined; fileEncoding = 9; includeInIndex = 0; lastKnownFileType = unknown; name = Ionicons.ttf; path = "../node_modules/react-native-vector-icons/Fonts/Ionicons.ttf"; sourceTree = "<group>"; };
		950A94BBB14B447A8367056E /* Zocial.ttf */ = {isa = PBXFileReference; explicitFileType = undefined; fileEncoding = 9; includeInIndex = 0; lastKnownFileType = unknown; name = Zocial.ttf; path = "../node_modules/react-native-vector-icons/Fonts/Zocial.ttf"; sourceTree = "<group>"; };
		9F21BB85245034D8009BF7A0 /* SensorsAnalyticsSDK.framework */ = {isa = PBXFileReference; explicitFileType = wrapper.framework; path = SensorsAnalyticsSDK.framework; sourceTree = BUILT_PRODUCTS_DIR; };
		9F2725A02457C98200324EB2 /* RNCGeolocation.xcodeproj */ = {isa = PBXFileReference; lastKnownFileType = "wrapper.pb-project"; name = RNCGeolocation.xcodeproj; path = "../node_modules/@react-native-community/geolocation/ios/RNCGeolocation.xcodeproj"; sourceTree = "<group>"; };
		9F2726262458341F00324EB2 /* RNCMaskedView.xcodeproj */ = {isa = PBXFileReference; lastKnownFileType = "wrapper.pb-project"; name = RNCMaskedView.xcodeproj; path = "../node_modules/@react-native-community/masked-view/ios/RNCMaskedView.xcodeproj"; sourceTree = "<group>"; };
		9F27262C2458349E00324EB2 /* SafeAreaView.xcodeproj */ = {isa = PBXFileReference; lastKnownFileType = "wrapper.pb-project"; name = SafeAreaView.xcodeproj; path = "../node_modules/react-native-safe-area-context/ios/SafeAreaView.xcodeproj"; sourceTree = "<group>"; };
		AA4B58B4D9CC418183B0E54B /* FontAwesome.ttf */ = {isa = PBXFileReference; explicitFileType = undefined; fileEncoding = 9; includeInIndex = 0; lastKnownFileType = unknown; name = FontAwesome.ttf; path = "../node_modules/react-native-vector-icons/Fonts/FontAwesome.ttf"; sourceTree = "<group>"; };
		ADBDB91F1DFEBF0600ED6528 /* RCTBlob.xcodeproj */ = {isa = PBXFileReference; lastKnownFileType = "wrapper.pb-project"; name = RCTBlob.xcodeproj; path = "../node_modules/react-native/Libraries/Blob/RCTBlob.xcodeproj"; sourceTree = "<group>"; };
		C038E88B4FB04098821371FE /* libRNSensorsAnalyticsModule.a */ = {isa = PBXFileReference; explicitFileType = undefined; fileEncoding = 9; includeInIndex = 0; lastKnownFileType = archive.ar; path = libRNSensorsAnalyticsModule.a; sourceTree = "<group>"; };
		CD33A4711E6D448CAA6FBBC1 /* RNScreens.xcodeproj */ = {isa = PBXFileReference; explicitFileType = undefined; fileEncoding = 9; includeInIndex = 0; lastKnownFileType = "wrapper.pb-project"; name = RNScreens.xcodeproj; path = "../node_modules/react-native-screens/ios/RNScreens.xcodeproj"; sourceTree = "<group>"; };
		D666F7714204470FA91CD1B1 /* EvilIcons.ttf */ = {isa = PBXFileReference; explicitFileType = undefined; fileEncoding = 9; includeInIndex = 0; lastKnownFileType = unknown; name = EvilIcons.ttf; path = "../node_modules/react-native-vector-icons/Fonts/EvilIcons.ttf"; sourceTree = "<group>"; };
		D837CA94C76C473B9B7DB041 /* SimpleLineIcons.ttf */ = {isa = PBXFileReference; explicitFileType = undefined; fileEncoding = 9; includeInIndex = 0; lastKnownFileType = unknown; name = SimpleLineIcons.ttf; path = "../node_modules/react-native-vector-icons/Fonts/SimpleLineIcons.ttf"; sourceTree = "<group>"; };
		E7A7FA2F14E04AA4A2087049 /* MaterialIcons.ttf */ = {isa = PBXFileReference; explicitFileType = undefined; fileEncoding = 9; includeInIndex = 0; lastKnownFileType = unknown; name = MaterialIcons.ttf; path = "../node_modules/react-native-vector-icons/Fonts/MaterialIcons.ttf"; sourceTree = "<group>"; };
		ED08A55FC57B43008866BFEB /* Feather.ttf */ = {isa = PBXFileReference; explicitFileType = undefined; fileEncoding = 9; includeInIndex = 0; lastKnownFileType = unknown; name = Feather.ttf; path = "../node_modules/react-native-vector-icons/Fonts/Feather.ttf"; sourceTree = "<group>"; };
		ED297162215061F000B7C4FE /* JavaScriptCore.framework */ = {isa = PBXFileReference; lastKnownFileType = wrapper.framework; name = JavaScriptCore.framework; path = System/Library/Frameworks/JavaScriptCore.framework; sourceTree = SDKROOT; };
		ED2971642150620600B7C4FE /* JavaScriptCore.framework */ = {isa = PBXFileReference; lastKnownFileType = wrapper.framework; name = JavaScriptCore.framework; path = Platforms/AppleTVOS.platform/Developer/SDKs/AppleTVOS12.0.sdk/System/Library/Frameworks/JavaScriptCore.framework; sourceTree = DEVELOPER_DIR; };
		F25D35FB735C45689799A32A /* Fontisto.ttf */ = {isa = PBXFileReference; explicitFileType = undefined; fileEncoding = 9; includeInIndex = 0; lastKnownFileType = unknown; name = Fontisto.ttf; path = "../node_modules/react-native-vector-icons/Fonts/Fontisto.ttf"; sourceTree = "<group>"; };
		FA276A18E5634AB09DACE2AE /* libRNFS.a */ = {isa = PBXFileReference; explicitFileType = undefined; fileEncoding = 9; includeInIndex = 0; lastKnownFileType = archive.ar; path = libRNFS.a; sourceTree = "<group>"; };
		FC1715662697F50C000CBC3A /* project.jsbundle */ = {isa = PBXFileReference; fileEncoding = 4; lastKnownFileType = text; path = project.jsbundle; sourceTree = "<group>"; };
		FC1715A02697F816000CBC3A /* RNCommonViewController.h */ = {isa = PBXFileReference; lastKnownFileType = sourcecode.c.h; path = RNCommonViewController.h; sourceTree = "<group>"; };
		FC1715A12697F816000CBC3A /* RNCommonViewController.m */ = {isa = PBXFileReference; lastKnownFileType = sourcecode.c.objc; path = RNCommonViewController.m; sourceTree = "<group>"; };
		FC1715A32697F97F000CBC3A /* RNRootViewController.h */ = {isa = PBXFileReference; lastKnownFileType = sourcecode.c.h; path = RNRootViewController.h; sourceTree = "<group>"; };
		FC1715A42697F97F000CBC3A /* RNRootViewController.m */ = {isa = PBXFileReference; lastKnownFileType = sourcecode.c.objc; path = RNRootViewController.m; sourceTree = "<group>"; };
		FC1715A626983E0D000CBC3A /* reactNativeDemo.jsbundle */ = {isa = PBXFileReference; fileEncoding = 4; lastKnownFileType = text; path = reactNativeDemo.jsbundle; sourceTree = "<group>"; };
		FC1CBEBE26661CA8000BAB71 /* SensorsAnalyticsSDK.xcodeproj */ = {isa = PBXFileReference; lastKnownFileType = "wrapper.pb-project"; name = SensorsAnalyticsSDK.xcodeproj; path = "../../../GitLab/sa-sdk-ios-test/SensorsAnalyticsSDK.xcodeproj"; sourceTree = "<group>"; };
		FC209D9625CBD577001D9FEA /* hello.js */ = {isa = PBXFileReference; fileEncoding = 4; lastKnownFileType = sourcecode.javascript; path = hello.js; sourceTree = "<group>"; };
		FC30A3F625E7B33D0064C82D /* RNSensorsAnalyticsModule.xcodeproj */ = {isa = PBXFileReference; lastKnownFileType = "wrapper.pb-project"; name = RNSensorsAnalyticsModule.xcodeproj; path = "../../../GitLab/react-native-sensors-analytics/ios/RNSensorsAnalyticsModule.xcodeproj"; sourceTree = "<group>"; };
		FC59DCA024A35C14007A0F36 /* newH5.html */ = {isa = PBXFileReference; fileEncoding = 4; lastKnownFileType = text.html; path = newH5.html; sourceTree = "<group>"; };
		FE0B1E51EDE74423A76531A4 /* RNCGeolocation.xcodeproj */ = {isa = PBXFileReference; explicitFileType = undefined; fileEncoding = 9; includeInIndex = 0; lastKnownFileType = "wrapper.pb-project"; name = RNCGeolocation.xcodeproj; path = "../node_modules/@react-native-community/geolocation/ios/RNCGeolocation.xcodeproj"; sourceTree = "<group>"; };
/* End PBXFileReference section */

/* Begin PBXFrameworksBuildPhase section */
		13B07F8C1A680F5B00A75B9A /* Frameworks */ = {
			isa = PBXFrameworksBuildPhase;
			buildActionMask = 2147483647;
			files = (
				146834051AC3E58100842450 /* libReact.a in Frameworks */,
				64F7B4AF226EDDC300C98C40 /* libRCTCameraRoll.a in Frameworks */,
				ADBDB9381DFEBF1600ED6528 /* libRCTBlob.a in Frameworks */,
				11D1A2F320CAFA9E000508D9 /* libRCTAnimation.a in Frameworks */,
				00C302E51ABCBA2D00DB3ED1 /* libRCTActionSheet.a in Frameworks */,
				FC1CBECA26661CBA000BAB71 /* SensorsAnalyticsSDK.framework in Frameworks */,
				00C302E81ABCBA2D00DB3ED1 /* libRCTImage.a in Frameworks */,
				133E29F31AD74F7200F7D852 /* libRCTLinking.a in Frameworks */,
				00C302E91ABCBA2D00DB3ED1 /* libRCTNetwork.a in Frameworks */,
				139105C61AF99C1200B5F7CC /* libRCTSettings.a in Frameworks */,
				832341BD1AAA6AB300B99B32 /* libRCTText.a in Frameworks */,
				9FA41E802457C7A4002FB9F4 /* JavaScriptCore.framework in Frameworks */,
				00C302EA1ABCBA2D00DB3ED1 /* libRCTVibration.a in Frameworks */,
				139FDEF61B0652A700C62182 /* libRCTWebSocket.a in Frameworks */,
				F951BD5FBA4B4EF19D83ABF6 /* libRNVectorIcons.a in Frameworks */,
				9F2727A7245842F100324EB2 /* libRNCSafeAreaContext.a in Frameworks */,
				592AD52DC138488B94134043 /* libRNGestureHandler.a in Frameworks */,
				44E9A6DB4A8D473E9F340D44 /* libRNCWebView.a in Frameworks */,
				625B0C88509E427CA0E88A3A /* libRNFS.a in Frameworks */,
				0341119056884434A08A7A9D /* libRNSensorsAnalyticsModule.a in Frameworks */,
				B17C0E840F4C4E4D9669D31F /* libRNCGeolocation.a in Frameworks */,
				8357166439E74626883A8EC2 /* libRNReanimated.a in Frameworks */,
				4EC51276072E4CFAA4438B65 /* libRNScreens.a in Frameworks */,
			);
			runOnlyForDeploymentPostprocessing = 0;
		};
/* End PBXFrameworksBuildPhase section */

/* Begin PBXGroup section */
		00C302A81ABCB8CE00DB3ED1 /* Products */ = {
			isa = PBXGroup;
			children = (
				00C302AC1ABCB8CE00DB3ED1 /* libRCTActionSheet.a */,
			);
			name = Products;
			sourceTree = "<group>";
		};
		00C302BC1ABCB91800DB3ED1 /* Products */ = {
			isa = PBXGroup;
			children = (
				00C302C01ABCB91800DB3ED1 /* libRCTImage.a */,
				3DAD3E841DF850E9000B6D8A /* libRCTImage-tvOS.a */,
			);
			name = Products;
			sourceTree = "<group>";
		};
		00C302D41ABCB9D200DB3ED1 /* Products */ = {
			isa = PBXGroup;
			children = (
				00C302DC1ABCB9D200DB3ED1 /* libRCTNetwork.a */,
				3DAD3E8C1DF850E9000B6D8A /* libRCTNetwork-tvOS.a */,
			);
			name = Products;
			sourceTree = "<group>";
		};
		00C302E01ABCB9EE00DB3ED1 /* Products */ = {
			isa = PBXGroup;
			children = (
				00C302E41ABCB9EE00DB3ED1 /* libRCTVibration.a */,
			);
			name = Products;
			sourceTree = "<group>";
		};
		00E356EF1AD99517003FC87E /* reactNativeDemoTests */ = {
			isa = PBXGroup;
			children = (
				00E356F21AD99517003FC87E /* reactNativeDemoTests.m */,
				00E356F01AD99517003FC87E /* Supporting Files */,
			);
			path = reactNativeDemoTests;
			sourceTree = "<group>";
		};
		00E356F01AD99517003FC87E /* Supporting Files */ = {
			isa = PBXGroup;
			children = (
				00E356F11AD99517003FC87E /* Info.plist */,
			);
			name = "Supporting Files";
			sourceTree = "<group>";
		};
		139105B71AF99BAD00B5F7CC /* Products */ = {
			isa = PBXGroup;
			children = (
				139105C11AF99BAD00B5F7CC /* libRCTSettings.a */,
				3DAD3E901DF850E9000B6D8A /* libRCTSettings-tvOS.a */,
			);
			name = Products;
			sourceTree = "<group>";
		};
		139FDEE71B06529A00C62182 /* Products */ = {
			isa = PBXGroup;
			children = (
				139FDEF41B06529B00C62182 /* libRCTWebSocket.a */,
				3DAD3E991DF850E9000B6D8A /* libRCTWebSocket-tvOS.a */,
				FC0B0D2024C58AC200EBBF6D /* libfishhook.a */,
				FC0B0D2224C58AC200EBBF6D /* libfishhook-tvOS.a */,
			);
			name = Products;
			sourceTree = "<group>";
		};
		13B07FAE1A68108700A75B9A /* reactNativeDemo */ = {
			isa = PBXGroup;
			children = (
				FC1715A02697F816000CBC3A /* RNCommonViewController.h */,
				FC1715A12697F816000CBC3A /* RNCommonViewController.m */,
				FC1715A32697F97F000CBC3A /* RNRootViewController.h */,
				FC1715A42697F97F000CBC3A /* RNRootViewController.m */,
				FC1715A626983E0D000CBC3A /* reactNativeDemo.jsbundle */,
				FC1715662697F50C000CBC3A /* project.jsbundle */,
				FC59DCA024A35C14007A0F36 /* newH5.html */,
				13B07FAF1A68108700A75B9A /* AppDelegate.h */,
				13B07FB01A68108700A75B9A /* AppDelegate.m */,
				13B07FB51A68108700A75B9A /* Images.xcassets */,
				13B07FB61A68108700A75B9A /* Info.plist */,
				13B07FB11A68108700A75B9A /* LaunchScreen.xib */,
				13B07FB71A68108700A75B9A /* main.m */,
			);
			name = reactNativeDemo;
			sourceTree = "<group>";
		};
		146834001AC3E56700842450 /* Products */ = {
			isa = PBXGroup;
			children = (
				146834041AC3E56700842450 /* libReact.a */,
				3DAD3EA31DF850E9000B6D8A /* libReact.a */,
				3DAD3EA51DF850E9000B6D8A /* libyoga.a */,
				3DAD3EA71DF850E9000B6D8A /* libyoga.a */,
				3DAD3EA91DF850E9000B6D8A /* libcxxreact.a */,
				3DAD3EAB1DF850E9000B6D8A /* libcxxreact.a */,
				2DF0FFDF2056DD460020B375 /* libjsinspector.a */,
				2DF0FFE12056DD460020B375 /* libjsinspector-tvOS.a */,
				2DF0FFE32056DD460020B375 /* libthird-party.a */,
				2DF0FFE52056DD460020B375 /* libthird-party.a */,
				2DF0FFE72056DD460020B375 /* libdouble-conversion.a */,
				2DF0FFE92056DD460020B375 /* libdouble-conversion.a */,
				64F7B485226EDCAD00C98C40 /* libjsi.a */,
				64F7B487226EDCAD00C98C40 /* libjsiexecutor.a */,
				64F7B489226EDCAD00C98C40 /* libjsi-tvOS.a */,
				64F7B48B226EDCAD00C98C40 /* libjsiexecutor-tvOS.a */,
			);
			name = Products;
			sourceTree = "<group>";
		};
		2D16E6871FA4F8E400B85C8A /* Frameworks */ = {
			isa = PBXGroup;
			children = (
				9F21BB85245034D8009BF7A0 /* SensorsAnalyticsSDK.framework */,
				ED297162215061F000B7C4FE /* JavaScriptCore.framework */,
				ED2971642150620600B7C4FE /* JavaScriptCore.framework */,
				2D16E6891FA4F8E400B85C8A /* libReact.a */,
			);
			name = Frameworks;
			sourceTree = "<group>";
		};
		4677930D2BEC467B9D282282 /* Resources */ = {
			isa = PBXGroup;
			children = (
				4818504FCBD44E0BA1AAE766 /* AntDesign.ttf */,
				5588DEE398CD4C89B1A541F2 /* Entypo.ttf */,
				D666F7714204470FA91CD1B1 /* EvilIcons.ttf */,
				ED08A55FC57B43008866BFEB /* Feather.ttf */,
				AA4B58B4D9CC418183B0E54B /* FontAwesome.ttf */,
				0AA5FCCA635149A380D8A3C1 /* FontAwesome5_Brands.ttf */,
				529D23C8B15040E791D022FF /* FontAwesome5_Regular.ttf */,
				57B1ED29FDE449EEBA9F0F1D /* FontAwesome5_Solid.ttf */,
				3BF427370B6A473A9D21D4E4 /* Foundation.ttf */,
				8D740B86151F4D9CB9AE6F39 /* Ionicons.ttf */,
				5B24B44543F54ADF8B3493DF /* MaterialCommunityIcons.ttf */,
				E7A7FA2F14E04AA4A2087049 /* MaterialIcons.ttf */,
				495123FF5EC34DEBB2C2A5D6 /* Octicons.ttf */,
				D837CA94C76C473B9B7DB041 /* SimpleLineIcons.ttf */,
				950A94BBB14B447A8367056E /* Zocial.ttf */,
				F25D35FB735C45689799A32A /* Fontisto.ttf */,
			);
			name = Resources;
			sourceTree = "<group>";
		};
		5E91572E1DD0AC6500FF2AA8 /* Products */ = {
			isa = PBXGroup;
			children = (
				5E9157331DD0AC6500FF2AA8 /* libRCTAnimation.a */,
				5E9157351DD0AC6500FF2AA8 /* libRCTAnimation.a */,
			);
			name = Products;
			sourceTree = "<group>";
		};
		64F7B45E226EDCAC00C98C40 /* Recovered References */ = {
			isa = PBXGroup;
			children = (
				3BB2550A0E244FC4BFCE8D81 /* libRNVectorIcons.a */,
				60D8A2E3084F4B5986C5850D /* libRNGestureHandler.a */,
				0E87E27ACB32493B9E5EC07F /* libRNCWebView.a */,
				FA276A18E5634AB09DACE2AE /* libRNFS.a */,
				3FA10C354F6644D68FAB3653 /* libRNVectorIcons-tvOS.a */,
				51398EFB377049A49F40CAE4 /* libRNGestureHandler-tvOS.a */,
				C038E88B4FB04098821371FE /* libRNSensorsAnalyticsModule.a */,
				1FBB4B9B8E30491C871A12F7 /* libRNCGeolocation.a */,
				2E39CB7360A34E1F8B6FC569 /* libRNReanimated.a */,
				7B861A6A573E48C28BC42E8C /* libRNReanimated-tvOS.a */,
				61D8C057DC7C4E519C00DE99 /* libRNScreens.a */,
				6006E4E3F85B486985BECD2B /* libRNScreens-tvOS.a */,
			);
			name = "Recovered References";
			sourceTree = "<group>";
		};
		64F7B48C226EDCAF00C98C40 /* Products */ = {
			isa = PBXGroup;
			children = (
				64F7B49A226EDCB000C98C40 /* libRNFS.a */,
				64F7B49C226EDCB000C98C40 /* libRNFS.a */,
			);
			name = Products;
			sourceTree = "<group>";
		};
		64F7B48E226EDCAF00C98C40 /* Products */ = {
			isa = PBXGroup;
			children = (
				64F7B496226EDCB000C98C40 /* libRNCWebView.a */,
			);
			name = Products;
			sourceTree = "<group>";
		};
		64F7B490226EDCAF00C98C40 /* Products */ = {
			isa = PBXGroup;
			children = (
				64F7B4A0226EDCB000C98C40 /* libRNGestureHandler.a */,
				64F7B4A2226EDCB000C98C40 /* libRNGestureHandler-tvOS.a */,
			);
			name = Products;
			sourceTree = "<group>";
		};
		64F7B492226EDCAF00C98C40 /* Products */ = {
			isa = PBXGroup;
			children = (
				64F7B4A6226EDCB000C98C40 /* libRNVectorIcons.a */,
				64F7B4A8226EDCB000C98C40 /* libRNVectorIcons-tvOS.a */,
			);
			name = Products;
			sourceTree = "<group>";
		};
		64F7B4AA226EDD4B00C98C40 /* Products */ = {
			isa = PBXGroup;
			children = (
				64F7B4AE226EDD4B00C98C40 /* libRCTCameraRoll.a */,
			);
			name = Products;
			sourceTree = "<group>";
		};
		78C398B11ACF4ADC00677621 /* Products */ = {
			isa = PBXGroup;
			children = (
				78C398B91ACF4ADC00677621 /* libRCTLinking.a */,
				3DAD3E881DF850E9000B6D8A /* libRCTLinking-tvOS.a */,
			);
			name = Products;
			sourceTree = "<group>";
		};
		832341AE1AAA6A7D00B99B32 /* Libraries */ = {
			isa = PBXGroup;
			children = (
				FC1CBEBE26661CA8000BAB71 /* SensorsAnalyticsSDK.xcodeproj */,
				9F27262C2458349E00324EB2 /* SafeAreaView.xcodeproj */,
				9F2726262458341F00324EB2 /* RNCMaskedView.xcodeproj */,
				64F7B4A9226EDD4B00C98C40 /* RCTCameraRoll.xcodeproj */,
				5E91572D1DD0AC6500FF2AA8 /* RCTAnimation.xcodeproj */,
				146833FF1AC3E56700842450 /* React.xcodeproj */,
				00C302A71ABCB8CE00DB3ED1 /* RCTActionSheet.xcodeproj */,
				ADBDB91F1DFEBF0600ED6528 /* RCTBlob.xcodeproj */,
				00C302BB1ABCB91800DB3ED1 /* RCTImage.xcodeproj */,
				9F2725A02457C98200324EB2 /* RNCGeolocation.xcodeproj */,
				78C398B01ACF4ADC00677621 /* RCTLinking.xcodeproj */,
				00C302D31ABCB9D200DB3ED1 /* RCTNetwork.xcodeproj */,
				139105B61AF99BAD00B5F7CC /* RCTSettings.xcodeproj */,
				832341B01AAA6A8300B99B32 /* RCTText.xcodeproj */,
				00C302DF1ABCB9EE00DB3ED1 /* RCTVibration.xcodeproj */,
				139FDEE61B06529A00C62182 /* RCTWebSocket.xcodeproj */,
				13845DDD75DA433FB2E19B34 /* RNVectorIcons.xcodeproj */,
				0D6471AB360443C0A1D5F7E4 /* RNGestureHandler.xcodeproj */,
				152245BDB6C24BF6A8E9A13F /* RNCWebView.xcodeproj */,
				627C8FFC487D46B5BA00DEA2 /* RNFS.xcodeproj */,
				FE0B1E51EDE74423A76531A4 /* RNCGeolocation.xcodeproj */,
				5CB412E882BF4E059195ED40 /* RNReanimated.xcodeproj */,
				FC30A3F625E7B33D0064C82D /* RNSensorsAnalyticsModule.xcodeproj */,
				CD33A4711E6D448CAA6FBBC1 /* RNScreens.xcodeproj */,
			);
			name = Libraries;
			sourceTree = "<group>";
		};
		832341B11AAA6A8300B99B32 /* Products */ = {
			isa = PBXGroup;
			children = (
				832341B51AAA6A8300B99B32 /* libRCTText.a */,
				3DAD3E941DF850E9000B6D8A /* libRCTText-tvOS.a */,
			);
			name = Products;
			sourceTree = "<group>";
		};
		83CBB9F61A601CBA00E9B192 = {
			isa = PBXGroup;
			children = (
				FC209D9625CBD577001D9FEA /* hello.js */,
				13B07FAE1A68108700A75B9A /* reactNativeDemo */,
				832341AE1AAA6A7D00B99B32 /* Libraries */,
				00E356EF1AD99517003FC87E /* reactNativeDemoTests */,
				83CBBA001A601CBA00E9B192 /* Products */,
				2D16E6871FA4F8E400B85C8A /* Frameworks */,
				4677930D2BEC467B9D282282 /* Resources */,
				64F7B45E226EDCAC00C98C40 /* Recovered References */,
			);
			indentWidth = 2;
			sourceTree = "<group>";
			tabWidth = 2;
			usesTabs = 0;
		};
		83CBBA001A601CBA00E9B192 /* Products */ = {
			isa = PBXGroup;
			children = (
				13B07F961A680F5B00A75B9A /* reactNativeDemo.app */,
			);
			name = Products;
			sourceTree = "<group>";
		};
		9F2725A12457C98200324EB2 /* Products */ = {
			isa = PBXGroup;
			children = (
				9F2725A52457C98200324EB2 /* libRNCGeolocation.a */,
			);
			name = Products;
			sourceTree = "<group>";
		};
		9F27261E2458333100324EB2 /* Products */ = {
			isa = PBXGroup;
			children = (
				9F2726232458333100324EB2 /* libRNReanimated.a */,
				9F2726252458333100324EB2 /* libRNReanimated-tvOS.a */,
			);
			name = Products;
			sourceTree = "<group>";
		};
		9F2726272458341F00324EB2 /* Products */ = {
			isa = PBXGroup;
			children = (
				9F27262B2458341F00324EB2 /* libRNCMaskedView.a */,
			);
			name = Products;
			sourceTree = "<group>";
		};
		9F27262D2458349E00324EB2 /* Products */ = {
			isa = PBXGroup;
			children = (
				9F2726312458349E00324EB2 /* libRNCSafeAreaContext.a */,
			);
			name = Products;
			sourceTree = "<group>";
		};
		9F27276B24583DAA00324EB2 /* Products */ = {
			isa = PBXGroup;
			children = (
				9F27279D24583DAA00324EB2 /* libRNScreens.a */,
				9F27279F24583DAA00324EB2 /* libRNScreens-tvOS.a */,
			);
			name = Products;
			sourceTree = "<group>";
		};
		9FA41EBF2457C901002FB9F4 /* Products */ = {
			isa = PBXGroup;
			children = (
				9FA41EC32457C901002FB9F4 /* libRNCGeolocation.a */,
			);
			name = Products;
			sourceTree = "<group>";
		};
		ADBDB9201DFEBF0600ED6528 /* Products */ = {
			isa = PBXGroup;
			children = (
				ADBDB9271DFEBF0700ED6528 /* libRCTBlob.a */,
				2D16E6721FA4F8DC00B85C8A /* libRCTBlob-tvOS.a */,
			);
			name = Products;
			sourceTree = "<group>";
		};
		FC1CBEBF26661CA8000BAB71 /* Products */ = {
			isa = PBXGroup;
			children = (
				FC1CBEC526661CA8000BAB71 /* SensorsAnalyticsSDK.framework */,
				FC1CBEC726661CA8000BAB71 /* SensorsAnalyticsExtension.framework */,
				FC1CBEC926661CA8000BAB71 /* SensorsAnalyticsTests.xctest */,
			);
			name = Products;
			sourceTree = "<group>";
		};
		FC30A3F725E7B33D0064C82D /* Products */ = {
			isa = PBXGroup;
			children = (
				FC30A3FB25E7B33D0064C82D /* libRNSensorsAnalyticsModule.a */,
			);
			name = Products;
			sourceTree = "<group>";
		};
/* End PBXGroup section */

/* Begin PBXNativeTarget section */
		13B07F861A680F5B00A75B9A /* reactNativeDemo */ = {
			isa = PBXNativeTarget;
			buildConfigurationList = 13B07F931A680F5B00A75B9A /* Build configuration list for PBXNativeTarget "reactNativeDemo" */;
			buildPhases = (
				13B07F871A680F5B00A75B9A /* Sources */,
				13B07F8C1A680F5B00A75B9A /* Frameworks */,
				13B07F8E1A680F5B00A75B9A /* Resources */,
				00DD1BFF1BD5951E006B06BC /* Bundle React Native code and images */,
				FC05ED76248A41CC004810B6 /* Embed Frameworks */,
			);
			buildRules = (
			);
			dependencies = (
			);
			name = reactNativeDemo;
			productName = "Hello World";
			productReference = 13B07F961A680F5B00A75B9A /* reactNativeDemo.app */;
			productType = "com.apple.product-type.application";
		};
/* End PBXNativeTarget section */

/* Begin PBXProject section */
		83CBB9F71A601CBA00E9B192 /* Project object */ = {
			isa = PBXProject;
			attributes = {
				LastUpgradeCheck = 940;
				ORGANIZATIONNAME = Facebook;
				TargetAttributes = {
					13B07F861A680F5B00A75B9A = {
						DevelopmentTeam = 75FYWDWHL5;
					};
				};
			};
			buildConfigurationList = 83CBB9FA1A601CBA00E9B192 /* Build configuration list for PBXProject "reactNativeDemo" */;
			compatibilityVersion = "Xcode 3.2";
			developmentRegion = English;
			hasScannedForEncodings = 0;
			knownRegions = (
				English,
				en,
				Base,
			);
			mainGroup = 83CBB9F61A601CBA00E9B192;
			productRefGroup = 83CBBA001A601CBA00E9B192 /* Products */;
			projectDirPath = "";
			projectReferences = (
				{
					ProductGroup = 00C302A81ABCB8CE00DB3ED1 /* Products */;
					ProjectRef = 00C302A71ABCB8CE00DB3ED1 /* RCTActionSheet.xcodeproj */;
				},
				{
					ProductGroup = 5E91572E1DD0AC6500FF2AA8 /* Products */;
					ProjectRef = 5E91572D1DD0AC6500FF2AA8 /* RCTAnimation.xcodeproj */;
				},
				{
					ProductGroup = ADBDB9201DFEBF0600ED6528 /* Products */;
					ProjectRef = ADBDB91F1DFEBF0600ED6528 /* RCTBlob.xcodeproj */;
				},
				{
					ProductGroup = 64F7B4AA226EDD4B00C98C40 /* Products */;
					ProjectRef = 64F7B4A9226EDD4B00C98C40 /* RCTCameraRoll.xcodeproj */;
				},
				{
					ProductGroup = 00C302BC1ABCB91800DB3ED1 /* Products */;
					ProjectRef = 00C302BB1ABCB91800DB3ED1 /* RCTImage.xcodeproj */;
				},
				{
					ProductGroup = 78C398B11ACF4ADC00677621 /* Products */;
					ProjectRef = 78C398B01ACF4ADC00677621 /* RCTLinking.xcodeproj */;
				},
				{
					ProductGroup = 00C302D41ABCB9D200DB3ED1 /* Products */;
					ProjectRef = 00C302D31ABCB9D200DB3ED1 /* RCTNetwork.xcodeproj */;
				},
				{
					ProductGroup = 139105B71AF99BAD00B5F7CC /* Products */;
					ProjectRef = 139105B61AF99BAD00B5F7CC /* RCTSettings.xcodeproj */;
				},
				{
					ProductGroup = 832341B11AAA6A8300B99B32 /* Products */;
					ProjectRef = 832341B01AAA6A8300B99B32 /* RCTText.xcodeproj */;
				},
				{
					ProductGroup = 00C302E01ABCB9EE00DB3ED1 /* Products */;
					ProjectRef = 00C302DF1ABCB9EE00DB3ED1 /* RCTVibration.xcodeproj */;
				},
				{
					ProductGroup = 139FDEE71B06529A00C62182 /* Products */;
					ProjectRef = 139FDEE61B06529A00C62182 /* RCTWebSocket.xcodeproj */;
				},
				{
					ProductGroup = 146834001AC3E56700842450 /* Products */;
					ProjectRef = 146833FF1AC3E56700842450 /* React.xcodeproj */;
				},
				{
					ProductGroup = 9FA41EBF2457C901002FB9F4 /* Products */;
					ProjectRef = FE0B1E51EDE74423A76531A4 /* RNCGeolocation.xcodeproj */;
				},
				{
					ProductGroup = 9F2725A12457C98200324EB2 /* Products */;
					ProjectRef = 9F2725A02457C98200324EB2 /* RNCGeolocation.xcodeproj */;
				},
				{
					ProductGroup = 9F2726272458341F00324EB2 /* Products */;
					ProjectRef = 9F2726262458341F00324EB2 /* RNCMaskedView.xcodeproj */;
				},
				{
					ProductGroup = 64F7B48E226EDCAF00C98C40 /* Products */;
					ProjectRef = 152245BDB6C24BF6A8E9A13F /* RNCWebView.xcodeproj */;
				},
				{
					ProductGroup = 64F7B48C226EDCAF00C98C40 /* Products */;
					ProjectRef = 627C8FFC487D46B5BA00DEA2 /* RNFS.xcodeproj */;
				},
				{
					ProductGroup = 64F7B490226EDCAF00C98C40 /* Products */;
					ProjectRef = 0D6471AB360443C0A1D5F7E4 /* RNGestureHandler.xcodeproj */;
				},
				{
					ProductGroup = 9F27261E2458333100324EB2 /* Products */;
					ProjectRef = 5CB412E882BF4E059195ED40 /* RNReanimated.xcodeproj */;
				},
				{
					ProductGroup = 9F27276B24583DAA00324EB2 /* Products */;
					ProjectRef = CD33A4711E6D448CAA6FBBC1 /* RNScreens.xcodeproj */;
				},
				{
					ProductGroup = FC30A3F725E7B33D0064C82D /* Products */;
					ProjectRef = FC30A3F625E7B33D0064C82D /* RNSensorsAnalyticsModule.xcodeproj */;
				},
				{
					ProductGroup = 64F7B492226EDCAF00C98C40 /* Products */;
					ProjectRef = 13845DDD75DA433FB2E19B34 /* RNVectorIcons.xcodeproj */;
				},
				{
					ProductGroup = 9F27262D2458349E00324EB2 /* Products */;
					ProjectRef = 9F27262C2458349E00324EB2 /* SafeAreaView.xcodeproj */;
				},
				{
					ProductGroup = FC1CBEBF26661CA8000BAB71 /* Products */;
					ProjectRef = FC1CBEBE26661CA8000BAB71 /* SensorsAnalyticsSDK.xcodeproj */;
				},
			);
			projectRoot = "";
			targets = (
				13B07F861A680F5B00A75B9A /* reactNativeDemo */,
			);
		};
/* End PBXProject section */

/* Begin PBXReferenceProxy section */
		00C302AC1ABCB8CE00DB3ED1 /* libRCTActionSheet.a */ = {
			isa = PBXReferenceProxy;
			fileType = archive.ar;
			path = libRCTActionSheet.a;
			remoteRef = 00C302AB1ABCB8CE00DB3ED1 /* PBXContainerItemProxy */;
			sourceTree = BUILT_PRODUCTS_DIR;
		};
		00C302C01ABCB91800DB3ED1 /* libRCTImage.a */ = {
			isa = PBXReferenceProxy;
			fileType = archive.ar;
			path = libRCTImage.a;
			remoteRef = 00C302BF1ABCB91800DB3ED1 /* PBXContainerItemProxy */;
			sourceTree = BUILT_PRODUCTS_DIR;
		};
		00C302DC1ABCB9D200DB3ED1 /* libRCTNetwork.a */ = {
			isa = PBXReferenceProxy;
			fileType = archive.ar;
			path = libRCTNetwork.a;
			remoteRef = 00C302DB1ABCB9D200DB3ED1 /* PBXContainerItemProxy */;
			sourceTree = BUILT_PRODUCTS_DIR;
		};
		00C302E41ABCB9EE00DB3ED1 /* libRCTVibration.a */ = {
			isa = PBXReferenceProxy;
			fileType = archive.ar;
			path = libRCTVibration.a;
			remoteRef = 00C302E31ABCB9EE00DB3ED1 /* PBXContainerItemProxy */;
			sourceTree = BUILT_PRODUCTS_DIR;
		};
		139105C11AF99BAD00B5F7CC /* libRCTSettings.a */ = {
			isa = PBXReferenceProxy;
			fileType = archive.ar;
			path = libRCTSettings.a;
			remoteRef = 139105C01AF99BAD00B5F7CC /* PBXContainerItemProxy */;
			sourceTree = BUILT_PRODUCTS_DIR;
		};
		139FDEF41B06529B00C62182 /* libRCTWebSocket.a */ = {
			isa = PBXReferenceProxy;
			fileType = archive.ar;
			path = libRCTWebSocket.a;
			remoteRef = 139FDEF31B06529B00C62182 /* PBXContainerItemProxy */;
			sourceTree = BUILT_PRODUCTS_DIR;
		};
		146834041AC3E56700842450 /* libReact.a */ = {
			isa = PBXReferenceProxy;
			fileType = archive.ar;
			path = libReact.a;
			remoteRef = 146834031AC3E56700842450 /* PBXContainerItemProxy */;
			sourceTree = BUILT_PRODUCTS_DIR;
		};
		2D16E6721FA4F8DC00B85C8A /* libRCTBlob-tvOS.a */ = {
			isa = PBXReferenceProxy;
			fileType = archive.ar;
			path = "libRCTBlob-tvOS.a";
			remoteRef = 2D16E6711FA4F8DC00B85C8A /* PBXContainerItemProxy */;
			sourceTree = BUILT_PRODUCTS_DIR;
		};
		2DF0FFDF2056DD460020B375 /* libjsinspector.a */ = {
			isa = PBXReferenceProxy;
			fileType = archive.ar;
			path = libjsinspector.a;
			remoteRef = 2DF0FFDE2056DD460020B375 /* PBXContainerItemProxy */;
			sourceTree = BUILT_PRODUCTS_DIR;
		};
		2DF0FFE12056DD460020B375 /* libjsinspector-tvOS.a */ = {
			isa = PBXReferenceProxy;
			fileType = archive.ar;
			path = "libjsinspector-tvOS.a";
			remoteRef = 2DF0FFE02056DD460020B375 /* PBXContainerItemProxy */;
			sourceTree = BUILT_PRODUCTS_DIR;
		};
		2DF0FFE32056DD460020B375 /* libthird-party.a */ = {
			isa = PBXReferenceProxy;
			fileType = archive.ar;
			path = "libthird-party.a";
			remoteRef = 2DF0FFE22056DD460020B375 /* PBXContainerItemProxy */;
			sourceTree = BUILT_PRODUCTS_DIR;
		};
		2DF0FFE52056DD460020B375 /* libthird-party.a */ = {
			isa = PBXReferenceProxy;
			fileType = archive.ar;
			path = "libthird-party.a";
			remoteRef = 2DF0FFE42056DD460020B375 /* PBXContainerItemProxy */;
			sourceTree = BUILT_PRODUCTS_DIR;
		};
		2DF0FFE72056DD460020B375 /* libdouble-conversion.a */ = {
			isa = PBXReferenceProxy;
			fileType = archive.ar;
			path = "libdouble-conversion.a";
			remoteRef = 2DF0FFE62056DD460020B375 /* PBXContainerItemProxy */;
			sourceTree = BUILT_PRODUCTS_DIR;
		};
		2DF0FFE92056DD460020B375 /* libdouble-conversion.a */ = {
			isa = PBXReferenceProxy;
			fileType = archive.ar;
			path = "libdouble-conversion.a";
			remoteRef = 2DF0FFE82056DD460020B375 /* PBXContainerItemProxy */;
			sourceTree = BUILT_PRODUCTS_DIR;
		};
		3DAD3E841DF850E9000B6D8A /* libRCTImage-tvOS.a */ = {
			isa = PBXReferenceProxy;
			fileType = archive.ar;
			path = "libRCTImage-tvOS.a";
			remoteRef = 3DAD3E831DF850E9000B6D8A /* PBXContainerItemProxy */;
			sourceTree = BUILT_PRODUCTS_DIR;
		};
		3DAD3E881DF850E9000B6D8A /* libRCTLinking-tvOS.a */ = {
			isa = PBXReferenceProxy;
			fileType = archive.ar;
			path = "libRCTLinking-tvOS.a";
			remoteRef = 3DAD3E871DF850E9000B6D8A /* PBXContainerItemProxy */;
			sourceTree = BUILT_PRODUCTS_DIR;
		};
		3DAD3E8C1DF850E9000B6D8A /* libRCTNetwork-tvOS.a */ = {
			isa = PBXReferenceProxy;
			fileType = archive.ar;
			path = "libRCTNetwork-tvOS.a";
			remoteRef = 3DAD3E8B1DF850E9000B6D8A /* PBXContainerItemProxy */;
			sourceTree = BUILT_PRODUCTS_DIR;
		};
		3DAD3E901DF850E9000B6D8A /* libRCTSettings-tvOS.a */ = {
			isa = PBXReferenceProxy;
			fileType = archive.ar;
			path = "libRCTSettings-tvOS.a";
			remoteRef = 3DAD3E8F1DF850E9000B6D8A /* PBXContainerItemProxy */;
			sourceTree = BUILT_PRODUCTS_DIR;
		};
		3DAD3E941DF850E9000B6D8A /* libRCTText-tvOS.a */ = {
			isa = PBXReferenceProxy;
			fileType = archive.ar;
			path = "libRCTText-tvOS.a";
			remoteRef = 3DAD3E931DF850E9000B6D8A /* PBXContainerItemProxy */;
			sourceTree = BUILT_PRODUCTS_DIR;
		};
		3DAD3E991DF850E9000B6D8A /* libRCTWebSocket-tvOS.a */ = {
			isa = PBXReferenceProxy;
			fileType = archive.ar;
			path = "libRCTWebSocket-tvOS.a";
			remoteRef = 3DAD3E981DF850E9000B6D8A /* PBXContainerItemProxy */;
			sourceTree = BUILT_PRODUCTS_DIR;
		};
		3DAD3EA31DF850E9000B6D8A /* libReact.a */ = {
			isa = PBXReferenceProxy;
			fileType = archive.ar;
			path = libReact.a;
			remoteRef = 3DAD3EA21DF850E9000B6D8A /* PBXContainerItemProxy */;
			sourceTree = BUILT_PRODUCTS_DIR;
		};
		3DAD3EA51DF850E9000B6D8A /* libyoga.a */ = {
			isa = PBXReferenceProxy;
			fileType = archive.ar;
			path = libyoga.a;
			remoteRef = 3DAD3EA41DF850E9000B6D8A /* PBXContainerItemProxy */;
			sourceTree = BUILT_PRODUCTS_DIR;
		};
		3DAD3EA71DF850E9000B6D8A /* libyoga.a */ = {
			isa = PBXReferenceProxy;
			fileType = archive.ar;
			path = libyoga.a;
			remoteRef = 3DAD3EA61DF850E9000B6D8A /* PBXContainerItemProxy */;
			sourceTree = BUILT_PRODUCTS_DIR;
		};
		3DAD3EA91DF850E9000B6D8A /* libcxxreact.a */ = {
			isa = PBXReferenceProxy;
			fileType = archive.ar;
			path = libcxxreact.a;
			remoteRef = 3DAD3EA81DF850E9000B6D8A /* PBXContainerItemProxy */;
			sourceTree = BUILT_PRODUCTS_DIR;
		};
		3DAD3EAB1DF850E9000B6D8A /* libcxxreact.a */ = {
			isa = PBXReferenceProxy;
			fileType = archive.ar;
			path = libcxxreact.a;
			remoteRef = 3DAD3EAA1DF850E9000B6D8A /* PBXContainerItemProxy */;
			sourceTree = BUILT_PRODUCTS_DIR;
		};
		5E9157331DD0AC6500FF2AA8 /* libRCTAnimation.a */ = {
			isa = PBXReferenceProxy;
			fileType = archive.ar;
			path = libRCTAnimation.a;
			remoteRef = 5E9157321DD0AC6500FF2AA8 /* PBXContainerItemProxy */;
			sourceTree = BUILT_PRODUCTS_DIR;
		};
		5E9157351DD0AC6500FF2AA8 /* libRCTAnimation.a */ = {
			isa = PBXReferenceProxy;
			fileType = archive.ar;
			path = libRCTAnimation.a;
			remoteRef = 5E9157341DD0AC6500FF2AA8 /* PBXContainerItemProxy */;
			sourceTree = BUILT_PRODUCTS_DIR;
		};
		64F7B485226EDCAD00C98C40 /* libjsi.a */ = {
			isa = PBXReferenceProxy;
			fileType = archive.ar;
			path = libjsi.a;
			remoteRef = 64F7B484226EDCAD00C98C40 /* PBXContainerItemProxy */;
			sourceTree = BUILT_PRODUCTS_DIR;
		};
		64F7B487226EDCAD00C98C40 /* libjsiexecutor.a */ = {
			isa = PBXReferenceProxy;
			fileType = archive.ar;
			path = libjsiexecutor.a;
			remoteRef = 64F7B486226EDCAD00C98C40 /* PBXContainerItemProxy */;
			sourceTree = BUILT_PRODUCTS_DIR;
		};
		64F7B489226EDCAD00C98C40 /* libjsi-tvOS.a */ = {
			isa = PBXReferenceProxy;
			fileType = archive.ar;
			path = "libjsi-tvOS.a";
			remoteRef = 64F7B488226EDCAD00C98C40 /* PBXContainerItemProxy */;
			sourceTree = BUILT_PRODUCTS_DIR;
		};
		64F7B48B226EDCAD00C98C40 /* libjsiexecutor-tvOS.a */ = {
			isa = PBXReferenceProxy;
			fileType = archive.ar;
			path = "libjsiexecutor-tvOS.a";
			remoteRef = 64F7B48A226EDCAD00C98C40 /* PBXContainerItemProxy */;
			sourceTree = BUILT_PRODUCTS_DIR;
		};
		64F7B496226EDCB000C98C40 /* libRNCWebView.a */ = {
			isa = PBXReferenceProxy;
			fileType = archive.ar;
			path = libRNCWebView.a;
			remoteRef = 64F7B495226EDCB000C98C40 /* PBXContainerItemProxy */;
			sourceTree = BUILT_PRODUCTS_DIR;
		};
		64F7B49A226EDCB000C98C40 /* libRNFS.a */ = {
			isa = PBXReferenceProxy;
			fileType = archive.ar;
			path = libRNFS.a;
			remoteRef = 64F7B499226EDCB000C98C40 /* PBXContainerItemProxy */;
			sourceTree = BUILT_PRODUCTS_DIR;
		};
		64F7B49C226EDCB000C98C40 /* libRNFS.a */ = {
			isa = PBXReferenceProxy;
			fileType = archive.ar;
			path = libRNFS.a;
			remoteRef = 64F7B49B226EDCB000C98C40 /* PBXContainerItemProxy */;
			sourceTree = BUILT_PRODUCTS_DIR;
		};
		64F7B4A0226EDCB000C98C40 /* libRNGestureHandler.a */ = {
			isa = PBXReferenceProxy;
			fileType = archive.ar;
			path = libRNGestureHandler.a;
			remoteRef = 64F7B49F226EDCB000C98C40 /* PBXContainerItemProxy */;
			sourceTree = BUILT_PRODUCTS_DIR;
		};
		64F7B4A2226EDCB000C98C40 /* libRNGestureHandler-tvOS.a */ = {
			isa = PBXReferenceProxy;
			fileType = archive.ar;
			path = "libRNGestureHandler-tvOS.a";
			remoteRef = 64F7B4A1226EDCB000C98C40 /* PBXContainerItemProxy */;
			sourceTree = BUILT_PRODUCTS_DIR;
		};
		64F7B4A6226EDCB000C98C40 /* libRNVectorIcons.a */ = {
			isa = PBXReferenceProxy;
			fileType = archive.ar;
			path = libRNVectorIcons.a;
			remoteRef = 64F7B4A5226EDCB000C98C40 /* PBXContainerItemProxy */;
			sourceTree = BUILT_PRODUCTS_DIR;
		};
		64F7B4A8226EDCB000C98C40 /* libRNVectorIcons-tvOS.a */ = {
			isa = PBXReferenceProxy;
			fileType = archive.ar;
			path = "libRNVectorIcons-tvOS.a";
			remoteRef = 64F7B4A7226EDCB000C98C40 /* PBXContainerItemProxy */;
			sourceTree = BUILT_PRODUCTS_DIR;
		};
		64F7B4AE226EDD4B00C98C40 /* libRCTCameraRoll.a */ = {
			isa = PBXReferenceProxy;
			fileType = archive.ar;
			path = libRCTCameraRoll.a;
			remoteRef = 64F7B4AD226EDD4B00C98C40 /* PBXContainerItemProxy */;
			sourceTree = BUILT_PRODUCTS_DIR;
		};
		78C398B91ACF4ADC00677621 /* libRCTLinking.a */ = {
			isa = PBXReferenceProxy;
			fileType = archive.ar;
			path = libRCTLinking.a;
			remoteRef = 78C398B81ACF4ADC00677621 /* PBXContainerItemProxy */;
			sourceTree = BUILT_PRODUCTS_DIR;
		};
		832341B51AAA6A8300B99B32 /* libRCTText.a */ = {
			isa = PBXReferenceProxy;
			fileType = archive.ar;
			path = libRCTText.a;
			remoteRef = 832341B41AAA6A8300B99B32 /* PBXContainerItemProxy */;
			sourceTree = BUILT_PRODUCTS_DIR;
		};
		9F2725A52457C98200324EB2 /* libRNCGeolocation.a */ = {
			isa = PBXReferenceProxy;
			fileType = archive.ar;
			path = libRNCGeolocation.a;
			remoteRef = 9F2725A42457C98200324EB2 /* PBXContainerItemProxy */;
			sourceTree = BUILT_PRODUCTS_DIR;
		};
		9F2726232458333100324EB2 /* libRNReanimated.a */ = {
			isa = PBXReferenceProxy;
			fileType = archive.ar;
			path = libRNReanimated.a;
			remoteRef = 9F2726222458333100324EB2 /* PBXContainerItemProxy */;
			sourceTree = BUILT_PRODUCTS_DIR;
		};
		9F2726252458333100324EB2 /* libRNReanimated-tvOS.a */ = {
			isa = PBXReferenceProxy;
			fileType = archive.ar;
			path = "libRNReanimated-tvOS.a";
			remoteRef = 9F2726242458333100324EB2 /* PBXContainerItemProxy */;
			sourceTree = BUILT_PRODUCTS_DIR;
		};
		9F27262B2458341F00324EB2 /* libRNCMaskedView.a */ = {
			isa = PBXReferenceProxy;
			fileType = archive.ar;
			path = libRNCMaskedView.a;
			remoteRef = 9F27262A2458341F00324EB2 /* PBXContainerItemProxy */;
			sourceTree = BUILT_PRODUCTS_DIR;
		};
		9F2726312458349E00324EB2 /* libRNCSafeAreaContext.a */ = {
			isa = PBXReferenceProxy;
			fileType = archive.ar;
			path = libRNCSafeAreaContext.a;
			remoteRef = 9F2726302458349E00324EB2 /* PBXContainerItemProxy */;
			sourceTree = BUILT_PRODUCTS_DIR;
		};
		9F27279D24583DAA00324EB2 /* libRNScreens.a */ = {
			isa = PBXReferenceProxy;
			fileType = archive.ar;
			path = libRNScreens.a;
			remoteRef = 9F27279C24583DAA00324EB2 /* PBXContainerItemProxy */;
			sourceTree = BUILT_PRODUCTS_DIR;
		};
		9F27279F24583DAA00324EB2 /* libRNScreens-tvOS.a */ = {
			isa = PBXReferenceProxy;
			fileType = archive.ar;
			path = "libRNScreens-tvOS.a";
			remoteRef = 9F27279E24583DAA00324EB2 /* PBXContainerItemProxy */;
			sourceTree = BUILT_PRODUCTS_DIR;
		};
		9FA41EC32457C901002FB9F4 /* libRNCGeolocation.a */ = {
			isa = PBXReferenceProxy;
			fileType = archive.ar;
			path = libRNCGeolocation.a;
			remoteRef = 9FA41EC22457C901002FB9F4 /* PBXContainerItemProxy */;
			sourceTree = BUILT_PRODUCTS_DIR;
		};
		ADBDB9271DFEBF0700ED6528 /* libRCTBlob.a */ = {
			isa = PBXReferenceProxy;
			fileType = archive.ar;
			path = libRCTBlob.a;
			remoteRef = ADBDB9261DFEBF0700ED6528 /* PBXContainerItemProxy */;
			sourceTree = BUILT_PRODUCTS_DIR;
		};
		FC0B0D2024C58AC200EBBF6D /* libfishhook.a */ = {
			isa = PBXReferenceProxy;
			fileType = archive.ar;
			path = libfishhook.a;
			remoteRef = FC0B0D1F24C58AC200EBBF6D /* PBXContainerItemProxy */;
			sourceTree = BUILT_PRODUCTS_DIR;
		};
		FC0B0D2224C58AC200EBBF6D /* libfishhook-tvOS.a */ = {
			isa = PBXReferenceProxy;
			fileType = archive.ar;
			path = "libfishhook-tvOS.a";
			remoteRef = FC0B0D2124C58AC200EBBF6D /* PBXContainerItemProxy */;
			sourceTree = BUILT_PRODUCTS_DIR;
		};
		FC1CBEC526661CA8000BAB71 /* SensorsAnalyticsSDK.framework */ = {
			isa = PBXReferenceProxy;
			fileType = wrapper.framework;
			path = SensorsAnalyticsSDK.framework;
			remoteRef = FC1CBEC426661CA8000BAB71 /* PBXContainerItemProxy */;
			sourceTree = BUILT_PRODUCTS_DIR;
		};
		FC1CBEC726661CA8000BAB71 /* SensorsAnalyticsExtension.framework */ = {
			isa = PBXReferenceProxy;
			fileType = wrapper.framework;
			path = SensorsAnalyticsExtension.framework;
			remoteRef = FC1CBEC626661CA8000BAB71 /* PBXContainerItemProxy */;
			sourceTree = BUILT_PRODUCTS_DIR;
		};
		FC1CBEC926661CA8000BAB71 /* SensorsAnalyticsTests.xctest */ = {
			isa = PBXReferenceProxy;
			fileType = wrapper.cfbundle;
			path = SensorsAnalyticsTests.xctest;
			remoteRef = FC1CBEC826661CA8000BAB71 /* PBXContainerItemProxy */;
			sourceTree = BUILT_PRODUCTS_DIR;
		};
		FC30A3FB25E7B33D0064C82D /* libRNSensorsAnalyticsModule.a */ = {
			isa = PBXReferenceProxy;
			fileType = archive.ar;
			path = libRNSensorsAnalyticsModule.a;
			remoteRef = FC30A3FA25E7B33D0064C82D /* PBXContainerItemProxy */;
			sourceTree = BUILT_PRODUCTS_DIR;
		};
/* End PBXReferenceProxy section */

/* Begin PBXResourcesBuildPhase section */
		13B07F8E1A680F5B00A75B9A /* Resources */ = {
			isa = PBXResourcesBuildPhase;
			buildActionMask = 2147483647;
			files = (
				13B07FBF1A68108700A75B9A /* Images.xcassets in Resources */,
				13B07FBD1A68108700A75B9A /* LaunchScreen.xib in Resources */,
				754F1AF10A774092B2F8FC9A /* AntDesign.ttf in Resources */,
				E34E01BF9F4A40A9867F4973 /* Entypo.ttf in Resources */,
				E84A657A8BF7444B895FBC2E /* EvilIcons.ttf in Resources */,
				46116DC1AB1D422188654473 /* Feather.ttf in Resources */,
				DCD290E536D74612A5FA8B7B /* FontAwesome.ttf in Resources */,
				FC59DCA124A35C14007A0F36 /* newH5.html in Resources */,
				FC1715A726983E0D000CBC3A /* reactNativeDemo.jsbundle in Resources */,
				D75FF7AA8AF046B581DC6BA7 /* FontAwesome5_Brands.ttf in Resources */,
				6C888E5198DF43BBA19166BC /* FontAwesome5_Regular.ttf in Resources */,
				2A00EAE4CCDB445B8A1B38DC /* FontAwesome5_Solid.ttf in Resources */,
				FC209DCF25CBD577001D9FEA /* hello.js in Resources */,
				5C206608575344B9A9DF98E6 /* Foundation.ttf in Resources */,
				9EE3AB8A6DC544A68FF9FEAF /* Ionicons.ttf in Resources */,
				915E109E721D4B7F835A7DC5 /* MaterialCommunityIcons.ttf in Resources */,
				071DDFA8258A424D8263FF4F /* MaterialIcons.ttf in Resources */,
				258235BB86E74F199865F0B1 /* Octicons.ttf in Resources */,
				52D588C4B62F418FAE028078 /* SimpleLineIcons.ttf in Resources */,
				8C6BB2E55F0D4A269BB9BC21 /* Zocial.ttf in Resources */,
				FC17159F2697F50C000CBC3A /* project.jsbundle in Resources */,
				BCB090B469B34A1C99A7D6CF /* Fontisto.ttf in Resources */,
			);
			runOnlyForDeploymentPostprocessing = 0;
		};
/* End PBXResourcesBuildPhase section */

/* Begin PBXShellScriptBuildPhase section */
		00DD1BFF1BD5951E006B06BC /* Bundle React Native code and images */ = {
			isa = PBXShellScriptBuildPhase;
			buildActionMask = 2147483647;
			files = (
			);
			inputPaths = (
			);
			name = "Bundle React Native code and images";
			outputPaths = (
			);
			runOnlyForDeploymentPostprocessing = 0;
			shellPath = /bin/sh;
			shellScript = "export NODE_BINARY=node\n../node_modules/react-native/scripts/react-native-xcode.sh";
		};
/* End PBXShellScriptBuildPhase section */

/* Begin PBXSourcesBuildPhase section */
		13B07F871A680F5B00A75B9A /* Sources */ = {
			isa = PBXSourcesBuildPhase;
			buildActionMask = 2147483647;
			files = (
				FC1715A52697F97F000CBC3A /* RNRootViewController.m in Sources */,
				FC1715A22697F816000CBC3A /* RNCommonViewController.m in Sources */,
				13B07FBC1A68108700A75B9A /* AppDelegate.m in Sources */,
				13B07FC11A68108700A75B9A /* main.m in Sources */,
			);
			runOnlyForDeploymentPostprocessing = 0;
		};
/* End PBXSourcesBuildPhase section */

/* Begin PBXVariantGroup section */
		13B07FB11A68108700A75B9A /* LaunchScreen.xib */ = {
			isa = PBXVariantGroup;
			children = (
				13B07FB21A68108700A75B9A /* Base */,
			);
			name = LaunchScreen.xib;
			path = reactNativeDemo;
			sourceTree = "<group>";
		};
/* End PBXVariantGroup section */

/* Begin XCBuildConfiguration section */
		13B07F941A680F5B00A75B9A /* Debug */ = {
			isa = XCBuildConfiguration;
			buildSettings = {
				ASSETCATALOG_COMPILER_APPICON_NAME = AppIcon;
				CURRENT_PROJECT_VERSION = 1;
				DEAD_CODE_STRIPPING = NO;
				DEVELOPMENT_TEAM = 75FYWDWHL5;
				HEADER_SEARCH_PATHS = (
					"$(inherited)",
					"$(SRCROOT)/../node_modules/react-native-vector-icons/RNVectorIconsManager",
					"$(SRCROOT)/../node_modules/react-native-gesture-handler/ios/**",
					"$(SRCROOT)/../node_modules/react-native-webview/ios",
					"$(SRCROOT)/../node_modules/react-native-fs/**",
					"$(SRCROOT)/../node_modules/chenru-react-native-test/ios",
					"$(SRCROOT)/../node_modules/chenru-react-native-test/ios",
					"$(SRCROOT)/../node_modules/@react-native-community/geolocation/ios",
					"$(SRCROOT)/../node_modules/react-native-reanimated/ios/**",
					"$(SRCROOT)/../node_modules/react-native-screens/ios",
					"$(SRCROOT)/../node_modules/react-native-screens/ios",
					"$(SRCROOT)/../node_modules/react-native-screens/ios",
					"$(SRCROOT)/../node_modules/sensorsdata-react-native-test/ios",
					"$(SRCROOT)/../node_modules/sensorsdata-react-native-test/ios",
					"$(SRCROOT)/../node_modules/sensorsdata-analytics-react-native/ios",
					"$(SRCROOT)/../node_modules/sensorsdata-analytics-react-native/ios",
				);
				INFOPLIST_FILE = reactNativeDemo/Info.plist;
				LD_RUNPATH_SEARCH_PATHS = "$(inherited) @executable_path/Frameworks";
				OTHER_LDFLAGS = (
					"$(inherited)",
					"-ObjC",
					"-lc++",
				);
				PRODUCT_BUNDLE_IDENTIFIER = "org.reactjs.native.example.$(PRODUCT_NAME:rfc1034identifier)";
				PRODUCT_NAME = reactNativeDemo;
				VERSIONING_SYSTEM = "apple-generic";
			};
			name = Debug;
		};
		13B07F951A680F5B00A75B9A /* Release */ = {
			isa = XCBuildConfiguration;
			buildSettings = {
				ASSETCATALOG_COMPILER_APPICON_NAME = AppIcon;
				CURRENT_PROJECT_VERSION = 1;
				DEVELOPMENT_TEAM = 75FYWDWHL5;
				HEADER_SEARCH_PATHS = (
					"$(inherited)",
					"$(SRCROOT)/../node_modules/react-native-vector-icons/RNVectorIconsManager",
					"$(SRCROOT)/../node_modules/react-native-gesture-handler/ios/**",
					"$(SRCROOT)/../node_modules/react-native-webview/ios",
					"$(SRCROOT)/../node_modules/react-native-fs/**",
					"$(SRCROOT)/../node_modules/chenru-react-native-test/ios",
					"$(SRCROOT)/../node_modules/chenru-react-native-test/ios",
					"$(SRCROOT)/../node_modules/@react-native-community/geolocation/ios",
					"$(SRCROOT)/../node_modules/react-native-reanimated/ios/**",
					"$(SRCROOT)/../node_modules/react-native-screens/ios",
					"$(SRCROOT)/../node_modules/react-native-screens/ios",
					"$(SRCROOT)/../node_modules/react-native-screens/ios",
					"$(SRCROOT)/../node_modules/sensorsdata-react-native-test/ios",
					"$(SRCROOT)/../node_modules/sensorsdata-react-native-test/ios",
					"$(SRCROOT)/../node_modules/sensorsdata-analytics-react-native/ios",
					"$(SRCROOT)/../node_modules/sensorsdata-analytics-react-native/ios",
				);
				INFOPLIST_FILE = reactNativeDemo/Info.plist;
				LD_RUNPATH_SEARCH_PATHS = "$(inherited) @executable_path/Frameworks";
				OTHER_LDFLAGS = (
					"$(inherited)",
					"-ObjC",
					"-lc++",
				);
				PRODUCT_BUNDLE_IDENTIFIER = "org.reactjs.native.example.$(PRODUCT_NAME:rfc1034identifier)";
				PRODUCT_NAME = reactNativeDemo;
				VERSIONING_SYSTEM = "apple-generic";
			};
			name = Release;
		};
		83CBBA201A601CBA00E9B192 /* Debug */ = {
			isa = XCBuildConfiguration;
			buildSettings = {
				ALWAYS_SEARCH_USER_PATHS = NO;
				CLANG_CXX_LANGUAGE_STANDARD = "gnu++0x";
				CLANG_CXX_LIBRARY = "libc++";
				CLANG_ENABLE_MODULES = YES;
				CLANG_ENABLE_OBJC_ARC = YES;
				CLANG_WARN_BLOCK_CAPTURE_AUTORELEASING = YES;
				CLANG_WARN_BOOL_CONVERSION = YES;
				CLANG_WARN_COMMA = YES;
				CLANG_WARN_CONSTANT_CONVERSION = YES;
				CLANG_WARN_DEPRECATED_OBJC_IMPLEMENTATIONS = YES;
				CLANG_WARN_DIRECT_OBJC_ISA_USAGE = YES_ERROR;
				CLANG_WARN_EMPTY_BODY = YES;
				CLANG_WARN_ENUM_CONVERSION = YES;
				CLANG_WARN_INFINITE_RECURSION = YES;
				CLANG_WARN_INT_CONVERSION = YES;
				CLANG_WARN_NON_LITERAL_NULL_CONVERSION = YES;
				CLANG_WARN_OBJC_IMPLICIT_RETAIN_SELF = YES;
				CLANG_WARN_OBJC_LITERAL_CONVERSION = YES;
				CLANG_WARN_OBJC_ROOT_CLASS = YES_ERROR;
				CLANG_WARN_RANGE_LOOP_ANALYSIS = YES;
				CLANG_WARN_STRICT_PROTOTYPES = YES;
				CLANG_WARN_SUSPICIOUS_MOVE = YES;
				CLANG_WARN_UNREACHABLE_CODE = YES;
				CLANG_WARN__DUPLICATE_METHOD_MATCH = YES;
				"CODE_SIGN_IDENTITY[sdk=iphoneos*]" = "iPhone Developer";
				COPY_PHASE_STRIP = NO;
				ENABLE_STRICT_OBJC_MSGSEND = YES;
				ENABLE_TESTABILITY = YES;
				GCC_C_LANGUAGE_STANDARD = gnu99;
				GCC_DYNAMIC_NO_PIC = NO;
				GCC_NO_COMMON_BLOCKS = YES;
				GCC_OPTIMIZATION_LEVEL = 0;
				GCC_PREPROCESSOR_DEFINITIONS = (
					"DEBUG=1",
					"$(inherited)",
				);
				GCC_SYMBOLS_PRIVATE_EXTERN = NO;
				GCC_WARN_64_TO_32_BIT_CONVERSION = YES;
				GCC_WARN_ABOUT_RETURN_TYPE = YES_ERROR;
				GCC_WARN_UNDECLARED_SELECTOR = YES;
				GCC_WARN_UNINITIALIZED_AUTOS = YES_AGGRESSIVE;
				GCC_WARN_UNUSED_FUNCTION = YES;
				GCC_WARN_UNUSED_VARIABLE = YES;
				IPHONEOS_DEPLOYMENT_TARGET = 9.0;
				MTL_ENABLE_DEBUG_INFO = YES;
				ONLY_ACTIVE_ARCH = YES;
				SDKROOT = iphoneos;
			};
			name = Debug;
		};
		83CBBA211A601CBA00E9B192 /* Release */ = {
			isa = XCBuildConfiguration;
			buildSettings = {
				ALWAYS_SEARCH_USER_PATHS = NO;
				CLANG_CXX_LANGUAGE_STANDARD = "gnu++0x";
				CLANG_CXX_LIBRARY = "libc++";
				CLANG_ENABLE_MODULES = YES;
				CLANG_ENABLE_OBJC_ARC = YES;
				CLANG_WARN_BLOCK_CAPTURE_AUTORELEASING = YES;
				CLANG_WARN_BOOL_CONVERSION = YES;
				CLANG_WARN_COMMA = YES;
				CLANG_WARN_CONSTANT_CONVERSION = YES;
				CLANG_WARN_DEPRECATED_OBJC_IMPLEMENTATIONS = YES;
				CLANG_WARN_DIRECT_OBJC_ISA_USAGE = YES_ERROR;
				CLANG_WARN_EMPTY_BODY = YES;
				CLANG_WARN_ENUM_CONVERSION = YES;
				CLANG_WARN_INFINITE_RECURSION = YES;
				CLANG_WARN_INT_CONVERSION = YES;
				CLANG_WARN_NON_LITERAL_NULL_CONVERSION = YES;
				CLANG_WARN_OBJC_IMPLICIT_RETAIN_SELF = YES;
				CLANG_WARN_OBJC_LITERAL_CONVERSION = YES;
				CLANG_WARN_OBJC_ROOT_CLASS = YES_ERROR;
				CLANG_WARN_RANGE_LOOP_ANALYSIS = YES;
				CLANG_WARN_STRICT_PROTOTYPES = YES;
				CLANG_WARN_SUSPICIOUS_MOVE = YES;
				CLANG_WARN_UNREACHABLE_CODE = YES;
				CLANG_WARN__DUPLICATE_METHOD_MATCH = YES;
				"CODE_SIGN_IDENTITY[sdk=iphoneos*]" = "iPhone Developer";
				COPY_PHASE_STRIP = YES;
				ENABLE_NS_ASSERTIONS = NO;
				ENABLE_STRICT_OBJC_MSGSEND = YES;
				GCC_C_LANGUAGE_STANDARD = gnu99;
				GCC_NO_COMMON_BLOCKS = YES;
				GCC_WARN_64_TO_32_BIT_CONVERSION = YES;
				GCC_WARN_ABOUT_RETURN_TYPE = YES_ERROR;
				GCC_WARN_UNDECLARED_SELECTOR = YES;
				GCC_WARN_UNINITIALIZED_AUTOS = YES_AGGRESSIVE;
				GCC_WARN_UNUSED_FUNCTION = YES;
				GCC_WARN_UNUSED_VARIABLE = YES;
				IPHONEOS_DEPLOYMENT_TARGET = 9.0;
				MTL_ENABLE_DEBUG_INFO = NO;
				SDKROOT = iphoneos;
				VALIDATE_PRODUCT = YES;
			};
			name = Release;
		};
/* End XCBuildConfiguration section */

/* Begin XCConfigurationList section */
		13B07F931A680F5B00A75B9A /* Build configuration list for PBXNativeTarget "reactNativeDemo" */ = {
			isa = XCConfigurationList;
			buildConfigurations = (
				13B07F941A680F5B00A75B9A /* Debug */,
				13B07F951A680F5B00A75B9A /* Release */,
			);
			defaultConfigurationIsVisible = 0;
			defaultConfigurationName = Release;
		};
		83CBB9FA1A601CBA00E9B192 /* Build configuration list for PBXProject "reactNativeDemo" */ = {
			isa = XCConfigurationList;
			buildConfigurations = (
				83CBBA201A601CBA00E9B192 /* Debug */,
				83CBBA211A601CBA00E9B192 /* Release */,
			);
			defaultConfigurationIsVisible = 0;
			defaultConfigurationName = Release;
		};
/* End XCConfigurationList section */
	};
	rootObject = 83CBB9F71A601CBA00E9B192 /* Project object */;
}
